PODS:
  - Alamofire (4.8.0)
  - Cuckoo (0.12.0)
  - GRDB.swift (3.6.2)
  - HSCryptoKit (1.3.0)
  - HSHDWalletKit (1.0.4):
    - HSCryptoKit (~> 1.3.0)
  - RxAtomic (4.4.0)
  - RxSwift (4.4.0):
    - RxAtomic (~> 4.4)

DEPENDENCIES:
  - Alamofire (~> 4.8.0)
  - Cuckoo (~> 0.12.0)
  - GRDB.swift
  - HSCryptoKit (~> 1.3.0)
  - HSHDWalletKit (~> 1.0.4)
  - RxSwift (~> 4.0)

SPEC REPOS:
  https://github.com/cocoapods/specs.git:
    - Alamofire
    - Cuckoo
    - GRDB.swift
    - HSCryptoKit
    - HSHDWalletKit
    - RxAtomic
    - RxSwift

SPEC CHECKSUMS:
  Alamofire: 3ec537f71edc9804815215393ae2b1a8ea33a844
  Cuckoo: d30b6c149e52ffbcfe6b4a9543e4627d08947274
  GRDB.swift: e10787d857b6b8135354b9e08fb23b4bb8e2fab7
  HSCryptoKit: 564a3888691658cba58aa60f7d037654fd3c6fb0
  HSHDWalletKit: e09162c2bb121c9db9b0cf203bd93b40965aad74
  RxAtomic: eacf60db868c96bfd63320e28619fe29c179656f
  RxSwift: 5976ecd04fc2fefd648827c23de5e11157faa973

PODFILE CHECKSUM: 61ed87949ef96553a5cecad6c5048980df1d6878

COCOAPODS: 1.5.3
