// !$*UTF8*$!
{
	archiveVersion = 1;
	classes = {
	};
	objectVersion = 50;
	objects = {

/* Begin PBXBuildFile section */
		2FA5DC6FA74CBC6B30E91678 /* EIP155Signer.swift in Sources */ = {isa = PBXBuildFile; fileRef = 2FA5D35C66049BB927E23808 /* EIP155Signer.swift */; };
		3A19DECF216F4422009109F2 /* HSEthereumKitTests.swift in Sources */ = {isa = PBXBuildFile; fileRef = 3A19DECE216F4422009109F2 /* HSEthereumKitTests.swift */; };
		3A19DED1216F4422009109F2 /* HSEthereumKit.framework in Frameworks */ = {isa = PBXBuildFile; fileRef = 3A3B59A4216B1B13001C5E99 /* HSEthereumKit.framework */; };
		3A38F9E0216B78EE00A764EB /* RLP.swift in Sources */ = {isa = PBXBuildFile; fileRef = 3A38F9A6216B78EE00A764EB /* RLP.swift */; };
		3A38F9E1216B78EE00A764EB /* Result.swift in Sources */ = {isa = PBXBuildFile; fileRef = 3A38F9A7216B78EE00A764EB /* Result.swift */; };
		3A38F9E2216B78EE00A764EB /* Network.swift in Sources */ = {isa = PBXBuildFile; fileRef = 3A38F9A8216B78EE00A764EB /* Network.swift */; };
		3A38F9E3216B78EE00A764EB /* ERC20.swift in Sources */ = {isa = PBXBuildFile; fileRef = 3A38F9A9216B78EE00A764EB /* ERC20.swift */; };
		3A38F9E6216B78EE00A764EB /* DataConvertable.swift in Sources */ = {isa = PBXBuildFile; fileRef = 3A38F9AC216B78EE00A764EB /* DataConvertable.swift */; };
		3A38F9E7216B78EE00A764EB /* EIP55.swift in Sources */ = {isa = PBXBuildFile; fileRef = 3A38F9AD216B78EE00A764EB /* EIP55.swift */; };
		3A38F9E8216B78EE00A764EB /* SMP.swift in Sources */ = {isa = PBXBuildFile; fileRef = 3A38F9AE216B78EE00A764EB /* SMP.swift */; };
		3A38F9E9216B78EE00A764EB /* Converter.swift in Sources */ = {isa = PBXBuildFile; fileRef = 3A38F9AF216B78EE00A764EB /* Converter.swift */; };
		3A38F9EA216B78EE00A764EB /* EthereumKitError.swift in Sources */ = {isa = PBXBuildFile; fileRef = 3A38F9B0216B78EE00A764EB /* EthereumKitError.swift */; };
		3A38F9EB216B78EE00A764EB /* SentTransaction.swift in Sources */ = {isa = PBXBuildFile; fileRef = 3A38F9B2216B78EE00A764EB /* SentTransaction.swift */; };
		3A38F9EC216B78EE00A764EB /* Address.swift in Sources */ = {isa = PBXBuildFile; fileRef = 3A38F9B3216B78EE00A764EB /* Address.swift */; };
		3A38F9ED216B78EE00A764EB /* BlockParameter.swift in Sources */ = {isa = PBXBuildFile; fileRef = 3A38F9B4216B78EE00A764EB /* BlockParameter.swift */; };
		3A38F9EE216B78EE00A764EB /* Balance.swift in Sources */ = {isa = PBXBuildFile; fileRef = 3A38F9B5216B78EE00A764EB /* Balance.swift */; };
		3A38F9EF216B78EE00A764EB /* RawTransaction.swift in Sources */ = {isa = PBXBuildFile; fileRef = 3A38F9B6216B78EE00A764EB /* RawTransaction.swift */; };
		3A38F9F0216B78EE00A764EB /* Transaction.swift in Sources */ = {isa = PBXBuildFile; fileRef = 3A38F9B7216B78EE00A764EB /* Transaction.swift */; };
		3A38F9F9216B78EE00A764EB /* SMP+Extensions.swift in Sources */ = {isa = PBXBuildFile; fileRef = 3A38F9C3216B78EE00A764EB /* SMP+Extensions.swift */; };
		3A38F9FA216B78EE00A764EB /* String+Extension.swift in Sources */ = {isa = PBXBuildFile; fileRef = 3A38F9C4216B78EE00A764EB /* String+Extension.swift */; };
		3A38F9FC216B78EE00A764EB /* Wallet.swift in Sources */ = {isa = PBXBuildFile; fileRef = 3A38F9C7216B78EE00A764EB /* Wallet.swift */; };
		3A38F9FD216B78EE00A764EB /* HTTPClient.swift in Sources */ = {isa = PBXBuildFile; fileRef = 3A38F9CA216B78EE00A764EB /* HTTPClient.swift */; };
		3A38F9FE216B78EE00A764EB /* Method.swift in Sources */ = {isa = PBXBuildFile; fileRef = 3A38F9CB216B78EE00A764EB /* Method.swift */; };
		3A38F9FF216B78EE00A764EB /* Cancellable.swift in Sources */ = {isa = PBXBuildFile; fileRef = 3A38F9CC216B78EE00A764EB /* Cancellable.swift */; };
		3A38FA00216B78EE00A764EB /* RequestType.swift in Sources */ = {isa = PBXBuildFile; fileRef = 3A38F9CD216B78EE00A764EB /* RequestType.swift */; };
		3A38FA01216B78EE00A764EB /* HTTPClientType.swift in Sources */ = {isa = PBXBuildFile; fileRef = 3A38F9CE216B78EE00A764EB /* HTTPClientType.swift */; };
		3A38FA02216B78EE00A764EB /* Configuration.swift in Sources */ = {isa = PBXBuildFile; fileRef = 3A38F9CF216B78EE00A764EB /* Configuration.swift */; };
		3A38FA03216B78EE00A764EB /* JSONBodySerialization.swift in Sources */ = {isa = PBXBuildFile; fileRef = 3A38F9D1216B78EE00A764EB /* JSONBodySerialization.swift */; };
		3A38FA04216B78EE00A764EB /* URLEncodedSerialization.swift in Sources */ = {isa = PBXBuildFile; fileRef = 3A38F9D2216B78EE00A764EB /* URLEncodedSerialization.swift */; };
		3A38FA05216B78EE00A764EB /* IDGenerator.swift in Sources */ = {isa = PBXBuildFile; fileRef = 3A38F9D4216B78EE00A764EB /* IDGenerator.swift */; };
		3A38FA06216B78EE00A764EB /* JSONRPCError.swift in Sources */ = {isa = PBXBuildFile; fileRef = 3A38F9D5216B78EE00A764EB /* JSONRPCError.swift */; };
		3A38FA07216B78EE00A764EB /* BatchElement.swift in Sources */ = {isa = PBXBuildFile; fileRef = 3A38F9D6216B78EE00A764EB /* BatchElement.swift */; };
		3A38FA08216B78EE00A764EB /* HTTPJSONRPCRequest.swift in Sources */ = {isa = PBXBuildFile; fileRef = 3A38F9D7216B78EE00A764EB /* HTTPJSONRPCRequest.swift */; };
		3A38FA09216B78EE00A764EB /* JSONRPCRequest.swift in Sources */ = {isa = PBXBuildFile; fileRef = 3A38F9D8216B78EE00A764EB /* JSONRPCRequest.swift */; };
		3A38FA0A216B78EE00A764EB /* BatchFactory.swift in Sources */ = {isa = PBXBuildFile; fileRef = 3A38F9D9216B78EE00A764EB /* BatchFactory.swift */; };
		3A38FA0B216B78EE00A764EB /* Batch.swift in Sources */ = {isa = PBXBuildFile; fileRef = 3A38F9DA216B78EE00A764EB /* Batch.swift */; };
		3A38FA0C216B78EE00A764EB /* Etherscan.swift in Sources */ = {isa = PBXBuildFile; fileRef = 3A38F9DC216B78EE00A764EB /* Etherscan.swift */; };
		3A38FA0D216B78EE00A764EB /* JSONRPC.swift in Sources */ = {isa = PBXBuildFile; fileRef = 3A38F9DD216B78EE00A764EB /* JSONRPC.swift */; };
		3A38FA0E216B78EE00A764EB /* Geth.swift in Sources */ = {isa = PBXBuildFile; fileRef = 3A38F9DE216B78EE00A764EB /* Geth.swift */; };
		3A3B59A9216B1B13001C5E99 /* HSEthereumKit.h in Headers */ = {isa = PBXBuildFile; fileRef = 3A3B59A7216B1B13001C5E99 /* HSEthereumKit.h */; settings = {ATTRIBUTES = (Public, ); }; };
		58AAA05BE3573AABBCBC6018 /* GethProvider.swift in Sources */ = {isa = PBXBuildFile; fileRef = 58AAA61E60AF6E31E1822ADE /* GethProvider.swift */; };
		58AAA077832821FB1126AE0E /* Geth+Contract.swift in Sources */ = {isa = PBXBuildFile; fileRef = 58AAA6C0F26816F015408077 /* Geth+Contract.swift */; };
		58AAA081A68345A707A45794 /* EthereumGasPrice.swift in Sources */ = {isa = PBXBuildFile; fileRef = 58AAAF8EF6D1122AD52C8BD6 /* EthereumGasPrice.swift */; };
		58AAA1A0931ADF95231D4F87 /* EthereumKit.swift in Sources */ = {isa = PBXBuildFile; fileRef = 58AAA6BB2DA999645A4E41EA /* EthereumKit.swift */; };
		58AAA23BCF9E3C06AD96C8B6 /* RefreshManager.swift in Sources */ = {isa = PBXBuildFile; fileRef = 58AAAE7D03FDF272C10519E1 /* RefreshManager.swift */; };
		58AAA2AFBB0016E4653C1CEF /* ERC20+Contract.swift in Sources */ = {isa = PBXBuildFile; fileRef = 58AAA94E21A22CE2BAB70EE2 /* ERC20+Contract.swift */; };
		58AAA52235D840702E55CAF4 /* Extensions.swift in Sources */ = {isa = PBXBuildFile; fileRef = 58AAAE7DC330A2628E515477 /* Extensions.swift */; };
		58AAA609C234AA48E23F4AE9 /* ReachabilityManager.swift in Sources */ = {isa = PBXBuildFile; fileRef = 58AAA0F77F10D6C404DFCD55 /* ReachabilityManager.swift */; };
		58AAA7C99F4D8FD7DF51C749 /* AddressValidatorTests.swift in Sources */ = {isa = PBXBuildFile; fileRef = 58AAA4CC1551836BE97FA9EA /* AddressValidatorTests.swift */; };
		58AAA804F98AA25053BD7D25 /* EthereumBlockHeight.swift in Sources */ = {isa = PBXBuildFile; fileRef = 58AAA779492ED6F8A1606DF3 /* EthereumBlockHeight.swift */; };
		58AAA80F6F0B000F0D11C5A8 /* EthereumTransaction.swift in Sources */ = {isa = PBXBuildFile; fileRef = 58AAA1E3FA19355458A8B417 /* EthereumTransaction.swift */; };
		58AAA908570CA831788F90D4 /* PeriodicTimer.swift in Sources */ = {isa = PBXBuildFile; fileRef = 58AAAC4EEC58644B3BF08550 /* PeriodicTimer.swift */; };
		58AAA9112849585C4F820AE8 /* AddressValidator.swift in Sources */ = {isa = PBXBuildFile; fileRef = 58AAAA0DB1559A80BD16982E /* AddressValidator.swift */; };
		58AAAA05184221C7EDAF630A /* RealmFactory.swift in Sources */ = {isa = PBXBuildFile; fileRef = 58AAACCC8AD8A2CC08E4A5EC /* RealmFactory.swift */; };
		58AAAC79C7CF8ECC33A8E8FE /* EthereumBalance.swift in Sources */ = {isa = PBXBuildFile; fileRef = 58AAAFB6CCA44D8BFD8F4F39 /* EthereumBalance.swift */; };
		58AAAF70BEF433B84C1AC0CD /* Protocols.swift in Sources */ = {isa = PBXBuildFile; fileRef = 58AAA69FB6E04728EDC5A525 /* Protocols.swift */; };
		7F933535324C95EED98EB7E3 /* Pods_HSEthereumKit.framework in Frameworks */ = {isa = PBXBuildFile; fileRef = DB2DFC95631D62377495C0D8 /* Pods_HSEthereumKit.framework */; };
		CF113F32D42C1F8ED834F4C4 /* Pods_HSEthereumKitTests.framework in Frameworks */ = {isa = PBXBuildFile; fileRef = 76F074BC2886A32B1444D8D7 /* Pods_HSEthereumKitTests.framework */; };
/* End PBXBuildFile section */

/* Begin PBXContainerItemProxy section */
		3A19DED2216F4422009109F2 /* PBXContainerItemProxy */ = {
			isa = PBXContainerItemProxy;
			containerPortal = 3A3B599B216B1B13001C5E99 /* Project object */;
			proxyType = 1;
			remoteGlobalIDString = 3A3B59A3216B1B13001C5E99;
			remoteInfo = HSEthereumKit;
		};
/* End PBXContainerItemProxy section */

/* Begin PBXFileReference section */
		2FA5D35C66049BB927E23808 /* EIP155Signer.swift */ = {isa = PBXFileReference; fileEncoding = 4; lastKnownFileType = sourcecode.swift; path = EIP155Signer.swift; sourceTree = "<group>"; };
		31624145EC1315E9F40EAFF4 /* Pods-HSEthereumKit.release.xcconfig */ = {isa = PBXFileReference; includeInIndex = 1; lastKnownFileType = text.xcconfig; name = "Pods-HSEthereumKit.release.xcconfig"; path = "../Pods/Target Support Files/Pods-HSEthereumKit/Pods-HSEthereumKit.release.xcconfig"; sourceTree = "<group>"; };
		3A19DECC216F4422009109F2 /* HSEthereumKitTests.xctest */ = {isa = PBXFileReference; explicitFileType = wrapper.cfbundle; includeInIndex = 0; path = HSEthereumKitTests.xctest; sourceTree = BUILT_PRODUCTS_DIR; };
		3A19DECE216F4422009109F2 /* HSEthereumKitTests.swift */ = {isa = PBXFileReference; lastKnownFileType = sourcecode.swift; path = HSEthereumKitTests.swift; sourceTree = "<group>"; };
		3A19DED0216F4422009109F2 /* Info.plist */ = {isa = PBXFileReference; lastKnownFileType = text.plist.xml; path = Info.plist; sourceTree = "<group>"; };
		3A38F9A6216B78EE00A764EB /* RLP.swift */ = {isa = PBXFileReference; fileEncoding = 4; lastKnownFileType = sourcecode.swift; path = RLP.swift; sourceTree = "<group>"; };
		3A38F9A7216B78EE00A764EB /* Result.swift */ = {isa = PBXFileReference; fileEncoding = 4; lastKnownFileType = sourcecode.swift; path = Result.swift; sourceTree = "<group>"; };
		3A38F9A8216B78EE00A764EB /* Network.swift */ = {isa = PBXFileReference; fileEncoding = 4; lastKnownFileType = sourcecode.swift; path = Network.swift; sourceTree = "<group>"; };
		3A38F9A9216B78EE00A764EB /* ERC20.swift */ = {isa = PBXFileReference; fileEncoding = 4; lastKnownFileType = sourcecode.swift; path = ERC20.swift; sourceTree = "<group>"; };
		3A38F9AC216B78EE00A764EB /* DataConvertable.swift */ = {isa = PBXFileReference; fileEncoding = 4; lastKnownFileType = sourcecode.swift; path = DataConvertable.swift; sourceTree = "<group>"; };
		3A38F9AD216B78EE00A764EB /* EIP55.swift */ = {isa = PBXFileReference; fileEncoding = 4; lastKnownFileType = sourcecode.swift; path = EIP55.swift; sourceTree = "<group>"; };
		3A38F9AE216B78EE00A764EB /* SMP.swift */ = {isa = PBXFileReference; fileEncoding = 4; lastKnownFileType = sourcecode.swift; path = SMP.swift; sourceTree = "<group>"; };
		3A38F9AF216B78EE00A764EB /* Converter.swift */ = {isa = PBXFileReference; fileEncoding = 4; lastKnownFileType = sourcecode.swift; path = Converter.swift; sourceTree = "<group>"; };
		3A38F9B0216B78EE00A764EB /* EthereumKitError.swift */ = {isa = PBXFileReference; fileEncoding = 4; lastKnownFileType = sourcecode.swift; path = EthereumKitError.swift; sourceTree = "<group>"; };
		3A38F9B2216B78EE00A764EB /* SentTransaction.swift */ = {isa = PBXFileReference; fileEncoding = 4; lastKnownFileType = sourcecode.swift; path = SentTransaction.swift; sourceTree = "<group>"; };
		3A38F9B3216B78EE00A764EB /* Address.swift */ = {isa = PBXFileReference; fileEncoding = 4; lastKnownFileType = sourcecode.swift; path = Address.swift; sourceTree = "<group>"; };
		3A38F9B4216B78EE00A764EB /* BlockParameter.swift */ = {isa = PBXFileReference; fileEncoding = 4; lastKnownFileType = sourcecode.swift; path = BlockParameter.swift; sourceTree = "<group>"; };
		3A38F9B5216B78EE00A764EB /* Balance.swift */ = {isa = PBXFileReference; fileEncoding = 4; lastKnownFileType = sourcecode.swift; path = Balance.swift; sourceTree = "<group>"; };
		3A38F9B6216B78EE00A764EB /* RawTransaction.swift */ = {isa = PBXFileReference; fileEncoding = 4; lastKnownFileType = sourcecode.swift; path = RawTransaction.swift; sourceTree = "<group>"; };
		3A38F9B7216B78EE00A764EB /* Transaction.swift */ = {isa = PBXFileReference; fileEncoding = 4; lastKnownFileType = sourcecode.swift; path = Transaction.swift; sourceTree = "<group>"; };
		3A38F9C3216B78EE00A764EB /* SMP+Extensions.swift */ = {isa = PBXFileReference; fileEncoding = 4; lastKnownFileType = sourcecode.swift; path = "SMP+Extensions.swift"; sourceTree = "<group>"; };
		3A38F9C4216B78EE00A764EB /* String+Extension.swift */ = {isa = PBXFileReference; fileEncoding = 4; lastKnownFileType = sourcecode.swift; path = "String+Extension.swift"; sourceTree = "<group>"; };
		3A38F9C7216B78EE00A764EB /* Wallet.swift */ = {isa = PBXFileReference; fileEncoding = 4; lastKnownFileType = sourcecode.swift; path = Wallet.swift; sourceTree = "<group>"; };
		3A38F9CA216B78EE00A764EB /* HTTPClient.swift */ = {isa = PBXFileReference; fileEncoding = 4; lastKnownFileType = sourcecode.swift; path = HTTPClient.swift; sourceTree = "<group>"; };
		3A38F9CB216B78EE00A764EB /* Method.swift */ = {isa = PBXFileReference; fileEncoding = 4; lastKnownFileType = sourcecode.swift; path = Method.swift; sourceTree = "<group>"; };
		3A38F9CC216B78EE00A764EB /* Cancellable.swift */ = {isa = PBXFileReference; fileEncoding = 4; lastKnownFileType = sourcecode.swift; path = Cancellable.swift; sourceTree = "<group>"; };
		3A38F9CD216B78EE00A764EB /* RequestType.swift */ = {isa = PBXFileReference; fileEncoding = 4; lastKnownFileType = sourcecode.swift; path = RequestType.swift; sourceTree = "<group>"; };
		3A38F9CE216B78EE00A764EB /* HTTPClientType.swift */ = {isa = PBXFileReference; fileEncoding = 4; lastKnownFileType = sourcecode.swift; path = HTTPClientType.swift; sourceTree = "<group>"; };
		3A38F9CF216B78EE00A764EB /* Configuration.swift */ = {isa = PBXFileReference; fileEncoding = 4; lastKnownFileType = sourcecode.swift; path = Configuration.swift; sourceTree = "<group>"; };
		3A38F9D1216B78EE00A764EB /* JSONBodySerialization.swift */ = {isa = PBXFileReference; fileEncoding = 4; lastKnownFileType = sourcecode.swift; path = JSONBodySerialization.swift; sourceTree = "<group>"; };
		3A38F9D2216B78EE00A764EB /* URLEncodedSerialization.swift */ = {isa = PBXFileReference; fileEncoding = 4; lastKnownFileType = sourcecode.swift; path = URLEncodedSerialization.swift; sourceTree = "<group>"; };
		3A38F9D4216B78EE00A764EB /* IDGenerator.swift */ = {isa = PBXFileReference; fileEncoding = 4; lastKnownFileType = sourcecode.swift; path = IDGenerator.swift; sourceTree = "<group>"; };
		3A38F9D5216B78EE00A764EB /* JSONRPCError.swift */ = {isa = PBXFileReference; fileEncoding = 4; lastKnownFileType = sourcecode.swift; path = JSONRPCError.swift; sourceTree = "<group>"; };
		3A38F9D6216B78EE00A764EB /* BatchElement.swift */ = {isa = PBXFileReference; fileEncoding = 4; lastKnownFileType = sourcecode.swift; path = BatchElement.swift; sourceTree = "<group>"; };
		3A38F9D7216B78EE00A764EB /* HTTPJSONRPCRequest.swift */ = {isa = PBXFileReference; fileEncoding = 4; lastKnownFileType = sourcecode.swift; path = HTTPJSONRPCRequest.swift; sourceTree = "<group>"; };
		3A38F9D8216B78EE00A764EB /* JSONRPCRequest.swift */ = {isa = PBXFileReference; fileEncoding = 4; lastKnownFileType = sourcecode.swift; path = JSONRPCRequest.swift; sourceTree = "<group>"; };
		3A38F9D9216B78EE00A764EB /* BatchFactory.swift */ = {isa = PBXFileReference; fileEncoding = 4; lastKnownFileType = sourcecode.swift; path = BatchFactory.swift; sourceTree = "<group>"; };
		3A38F9DA216B78EE00A764EB /* Batch.swift */ = {isa = PBXFileReference; fileEncoding = 4; lastKnownFileType = sourcecode.swift; path = Batch.swift; sourceTree = "<group>"; };
		3A38F9DC216B78EE00A764EB /* Etherscan.swift */ = {isa = PBXFileReference; fileEncoding = 4; lastKnownFileType = sourcecode.swift; path = Etherscan.swift; sourceTree = "<group>"; };
		3A38F9DD216B78EE00A764EB /* JSONRPC.swift */ = {isa = PBXFileReference; fileEncoding = 4; lastKnownFileType = sourcecode.swift; path = JSONRPC.swift; sourceTree = "<group>"; };
		3A38F9DE216B78EE00A764EB /* Geth.swift */ = {isa = PBXFileReference; fileEncoding = 4; lastKnownFileType = sourcecode.swift; path = Geth.swift; sourceTree = "<group>"; };
		3A3B59A4216B1B13001C5E99 /* HSEthereumKit.framework */ = {isa = PBXFileReference; explicitFileType = wrapper.framework; includeInIndex = 0; path = HSEthereumKit.framework; sourceTree = BUILT_PRODUCTS_DIR; };
		3A3B59A7216B1B13001C5E99 /* HSEthereumKit.h */ = {isa = PBXFileReference; lastKnownFileType = sourcecode.c.h; path = HSEthereumKit.h; sourceTree = "<group>"; };
		3A3B59A8216B1B13001C5E99 /* Info.plist */ = {isa = PBXFileReference; lastKnownFileType = text.plist.xml; path = Info.plist; sourceTree = "<group>"; };
		3A3B5B68216B5964001C5E99 /* HSCryptoKit.framework */ = {isa = PBXFileReference; explicitFileType = wrapper.framework; path = HSCryptoKit.framework; sourceTree = BUILT_PRODUCTS_DIR; };
		41EC06F820EABFC17FE63A16 /* Pods-HSEthereumKitTests.release.xcconfig */ = {isa = PBXFileReference; includeInIndex = 1; lastKnownFileType = text.xcconfig; name = "Pods-HSEthereumKitTests.release.xcconfig"; path = "../Pods/Target Support Files/Pods-HSEthereumKitTests/Pods-HSEthereumKitTests.release.xcconfig"; sourceTree = "<group>"; };
		58AAA0F77F10D6C404DFCD55 /* ReachabilityManager.swift */ = {isa = PBXFileReference; fileEncoding = 4; lastKnownFileType = sourcecode.swift; path = ReachabilityManager.swift; sourceTree = "<group>"; };
		58AAA1E3FA19355458A8B417 /* EthereumTransaction.swift */ = {isa = PBXFileReference; fileEncoding = 4; lastKnownFileType = sourcecode.swift; path = EthereumTransaction.swift; sourceTree = "<group>"; };
		58AAA4CC1551836BE97FA9EA /* AddressValidatorTests.swift */ = {isa = PBXFileReference; fileEncoding = 4; lastKnownFileType = sourcecode.swift; path = AddressValidatorTests.swift; sourceTree = "<group>"; };
		58AAA61E60AF6E31E1822ADE /* GethProvider.swift */ = {isa = PBXFileReference; fileEncoding = 4; lastKnownFileType = sourcecode.swift; path = GethProvider.swift; sourceTree = "<group>"; };
		58AAA69FB6E04728EDC5A525 /* Protocols.swift */ = {isa = PBXFileReference; fileEncoding = 4; lastKnownFileType = sourcecode.swift; path = Protocols.swift; sourceTree = "<group>"; };
		58AAA6BB2DA999645A4E41EA /* EthereumKit.swift */ = {isa = PBXFileReference; fileEncoding = 4; lastKnownFileType = sourcecode.swift; path = EthereumKit.swift; sourceTree = "<group>"; };
		58AAA6C0F26816F015408077 /* Geth+Contract.swift */ = {isa = PBXFileReference; fileEncoding = 4; lastKnownFileType = sourcecode.swift; path = "Geth+Contract.swift"; sourceTree = "<group>"; };
		58AAA779492ED6F8A1606DF3 /* EthereumBlockHeight.swift */ = {isa = PBXFileReference; fileEncoding = 4; lastKnownFileType = sourcecode.swift; path = EthereumBlockHeight.swift; sourceTree = "<group>"; };
		58AAA94E21A22CE2BAB70EE2 /* ERC20+Contract.swift */ = {isa = PBXFileReference; fileEncoding = 4; lastKnownFileType = sourcecode.swift; path = "ERC20+Contract.swift"; sourceTree = "<group>"; };
		58AAAA0DB1559A80BD16982E /* AddressValidator.swift */ = {isa = PBXFileReference; fileEncoding = 4; lastKnownFileType = sourcecode.swift; path = AddressValidator.swift; sourceTree = "<group>"; };
		58AAAC4EEC58644B3BF08550 /* PeriodicTimer.swift */ = {isa = PBXFileReference; fileEncoding = 4; lastKnownFileType = sourcecode.swift; path = PeriodicTimer.swift; sourceTree = "<group>"; };
		58AAACCC8AD8A2CC08E4A5EC /* RealmFactory.swift */ = {isa = PBXFileReference; fileEncoding = 4; lastKnownFileType = sourcecode.swift; path = RealmFactory.swift; sourceTree = "<group>"; };
		58AAAE7D03FDF272C10519E1 /* RefreshManager.swift */ = {isa = PBXFileReference; fileEncoding = 4; lastKnownFileType = sourcecode.swift; path = RefreshManager.swift; sourceTree = "<group>"; };
		58AAAE7DC330A2628E515477 /* Extensions.swift */ = {isa = PBXFileReference; fileEncoding = 4; lastKnownFileType = sourcecode.swift; path = Extensions.swift; sourceTree = "<group>"; };
		58AAAF8EF6D1122AD52C8BD6 /* EthereumGasPrice.swift */ = {isa = PBXFileReference; fileEncoding = 4; lastKnownFileType = sourcecode.swift; path = EthereumGasPrice.swift; sourceTree = "<group>"; };
		58AAAFB6CCA44D8BFD8F4F39 /* EthereumBalance.swift */ = {isa = PBXFileReference; fileEncoding = 4; lastKnownFileType = sourcecode.swift; path = EthereumBalance.swift; sourceTree = "<group>"; };
		6B6E64E8170B11AD1C5AD461 /* Pods-HSEthereumKitTests.debug.xcconfig */ = {isa = PBXFileReference; includeInIndex = 1; lastKnownFileType = text.xcconfig; name = "Pods-HSEthereumKitTests.debug.xcconfig"; path = "../Pods/Target Support Files/Pods-HSEthereumKitTests/Pods-HSEthereumKitTests.debug.xcconfig"; sourceTree = "<group>"; };
		76F074BC2886A32B1444D8D7 /* Pods_HSEthereumKitTests.framework */ = {isa = PBXFileReference; explicitFileType = wrapper.framework; includeInIndex = 0; path = Pods_HSEthereumKitTests.framework; sourceTree = BUILT_PRODUCTS_DIR; };
		A7A1910508AEEE2D89293A0A /* Pods-HSEthereumKit.debug.xcconfig */ = {isa = PBXFileReference; includeInIndex = 1; lastKnownFileType = text.xcconfig; name = "Pods-HSEthereumKit.debug.xcconfig"; path = "../Pods/Target Support Files/Pods-HSEthereumKit/Pods-HSEthereumKit.debug.xcconfig"; sourceTree = "<group>"; };
		DB2DFC95631D62377495C0D8 /* Pods_HSEthereumKit.framework */ = {isa = PBXFileReference; explicitFileType = wrapper.framework; includeInIndex = 0; path = Pods_HSEthereumKit.framework; sourceTree = BUILT_PRODUCTS_DIR; };
/* End PBXFileReference section */

/* Begin PBXFrameworksBuildPhase section */
		3A19DEC9216F4422009109F2 /* Frameworks */ = {
			isa = PBXFrameworksBuildPhase;
			buildActionMask = 2147483647;
			files = (
				3A19DED1216F4422009109F2 /* HSEthereumKit.framework in Frameworks */,
				CF113F32D42C1F8ED834F4C4 /* Pods_HSEthereumKitTests.framework in Frameworks */,
			);
			runOnlyForDeploymentPostprocessing = 0;
		};
		3A3B59A1216B1B13001C5E99 /* Frameworks */ = {
			isa = PBXFrameworksBuildPhase;
			buildActionMask = 2147483647;
			files = (
				7F933535324C95EED98EB7E3 /* Pods_HSEthereumKit.framework in Frameworks */,
			);
			runOnlyForDeploymentPostprocessing = 0;
		};
/* End PBXFrameworksBuildPhase section */

/* Begin PBXGroup section */
		3A19DECD216F4422009109F2 /* HSEthereumKitTests */ = {
			isa = PBXGroup;
			children = (
				3A19DED8216F455A009109F2 /* Helpers */,
				3A19DECE216F4422009109F2 /* HSEthereumKitTests.swift */,
				3A19DED0216F4422009109F2 /* Info.plist */,
			);
			path = HSEthereumKitTests;
			sourceTree = "<group>";
		};
		3A19DED8216F455A009109F2 /* Helpers */ = {
			isa = PBXGroup;
			children = (
				58AAA4CC1551836BE97FA9EA /* AddressValidatorTests.swift */,
			);
			path = Helpers;
			sourceTree = "<group>";
		};
		3A38F9A3216B78A800A764EB /* EthereumKit */ = {
			isa = PBXGroup;
			children = (
				3A38F9C2216B78EE00A764EB /* Extension */,
				3A38F9A4216B78EE00A764EB /* Helper */,
				3A38F9B1216B78EE00A764EB /* Model */,
				3A38F9C8216B78EE00A764EB /* Networking */,
				3A38F9C5216B78EE00A764EB /* Wallet */,
			);
			path = EthereumKit;
			sourceTree = "<group>";
		};
		3A38F9A4216B78EE00A764EB /* Helper */ = {
			isa = PBXGroup;
			children = (
				3A38F9A6216B78EE00A764EB /* RLP.swift */,
				3A38F9A7216B78EE00A764EB /* Result.swift */,
				3A38F9A8216B78EE00A764EB /* Network.swift */,
				3A38F9A9216B78EE00A764EB /* ERC20.swift */,
				3A38F9AC216B78EE00A764EB /* DataConvertable.swift */,
				3A38F9AD216B78EE00A764EB /* EIP55.swift */,
				3A38F9AE216B78EE00A764EB /* SMP.swift */,
				3A38F9AF216B78EE00A764EB /* Converter.swift */,
				3A38F9B0216B78EE00A764EB /* EthereumKitError.swift */,
				58AAA94E21A22CE2BAB70EE2 /* ERC20+Contract.swift */,
			);
			path = Helper;
			sourceTree = "<group>";
		};
		3A38F9B1216B78EE00A764EB /* Model */ = {
			isa = PBXGroup;
			children = (
				3A38F9B2216B78EE00A764EB /* SentTransaction.swift */,
				3A38F9B3216B78EE00A764EB /* Address.swift */,
				3A38F9B4216B78EE00A764EB /* BlockParameter.swift */,
				3A38F9B5216B78EE00A764EB /* Balance.swift */,
				3A38F9B6216B78EE00A764EB /* RawTransaction.swift */,
				3A38F9B7216B78EE00A764EB /* Transaction.swift */,
			);
			path = Model;
			sourceTree = "<group>";
		};
		3A38F9B8216B78EE00A764EB /* Mnemonic */ = {
			isa = PBXGroup;
			children = (
			);
			path = Mnemonic;
			sourceTree = "<group>";
		};
		3A38F9BD216B78EE00A764EB /* Key */ = {
			isa = PBXGroup;
			children = (
			);
			path = Key;
			sourceTree = "<group>";
		};
		3A38F9C2216B78EE00A764EB /* Extension */ = {
			isa = PBXGroup;
			children = (
				3A38F9C3216B78EE00A764EB /* SMP+Extensions.swift */,
				3A38F9C4216B78EE00A764EB /* String+Extension.swift */,
			);
			path = Extension;
			sourceTree = "<group>";
		};
		3A38F9C5216B78EE00A764EB /* Wallet */ = {
			isa = PBXGroup;
			children = (
				3A38F9C7216B78EE00A764EB /* Wallet.swift */,
			);
			path = Wallet;
			sourceTree = "<group>";
		};
		3A38F9C8216B78EE00A764EB /* Networking */ = {
			isa = PBXGroup;
			children = (
				3A38F9C9216B78EE00A764EB /* HTTPClient */,
				3A38F9D0216B78EE00A764EB /* Serialization */,
				3A38F9D3216B78EE00A764EB /* JSONRPC */,
				3A38F9DB216B78EE00A764EB /* Request */,
				3A38F9DE216B78EE00A764EB /* Geth.swift */,
				58AAA6C0F26816F015408077 /* Geth+Contract.swift */,
			);
			path = Networking;
			sourceTree = "<group>";
		};
		3A38F9C9216B78EE00A764EB /* HTTPClient */ = {
			isa = PBXGroup;
			children = (
				3A38F9CA216B78EE00A764EB /* HTTPClient.swift */,
				3A38F9CB216B78EE00A764EB /* Method.swift */,
				3A38F9CC216B78EE00A764EB /* Cancellable.swift */,
				3A38F9CD216B78EE00A764EB /* RequestType.swift */,
				3A38F9CE216B78EE00A764EB /* HTTPClientType.swift */,
				3A38F9CF216B78EE00A764EB /* Configuration.swift */,
			);
			path = HTTPClient;
			sourceTree = "<group>";
		};
		3A38F9D0216B78EE00A764EB /* Serialization */ = {
			isa = PBXGroup;
			children = (
				3A38F9D1216B78EE00A764EB /* JSONBodySerialization.swift */,
				3A38F9D2216B78EE00A764EB /* URLEncodedSerialization.swift */,
			);
			path = Serialization;
			sourceTree = "<group>";
		};
		3A38F9D3216B78EE00A764EB /* JSONRPC */ = {
			isa = PBXGroup;
			children = (
				3A38F9D4216B78EE00A764EB /* IDGenerator.swift */,
				3A38F9D5216B78EE00A764EB /* JSONRPCError.swift */,
				3A38F9D6216B78EE00A764EB /* BatchElement.swift */,
				3A38F9D7216B78EE00A764EB /* HTTPJSONRPCRequest.swift */,
				3A38F9D8216B78EE00A764EB /* JSONRPCRequest.swift */,
				3A38F9D9216B78EE00A764EB /* BatchFactory.swift */,
				3A38F9DA216B78EE00A764EB /* Batch.swift */,
			);
			path = JSONRPC;
			sourceTree = "<group>";
		};
		3A38F9DB216B78EE00A764EB /* Request */ = {
			isa = PBXGroup;
			children = (
				3A38F9DC216B78EE00A764EB /* Etherscan.swift */,
				3A38F9DD216B78EE00A764EB /* JSONRPC.swift */,
			);
			path = Request;
			sourceTree = "<group>";
		};
		3A3B599A216B1B13001C5E99 = {
			isa = PBXGroup;
			children = (
				3A3B59A6216B1B13001C5E99 /* HSEthereumKit */,
				3A19DECD216F4422009109F2 /* HSEthereumKitTests */,
				3A3B59A5216B1B13001C5E99 /* Products */,
				FEB70F892491AA1E98BF0B33 /* Pods */,
				771194D7AFB450EC1E50D267 /* Frameworks */,
			);
			sourceTree = "<group>";
		};
		3A3B59A5216B1B13001C5E99 /* Products */ = {
			isa = PBXGroup;
			children = (
				3A3B59A4216B1B13001C5E99 /* HSEthereumKit.framework */,
				3A19DECC216F4422009109F2 /* HSEthereumKitTests.xctest */,
			);
			name = Products;
			sourceTree = "<group>";
		};
		3A3B59A6216B1B13001C5E99 /* HSEthereumKit */ = {
			isa = PBXGroup;
			children = (
				3A38F9A3216B78A800A764EB /* EthereumKit */,
				3A3B59A7216B1B13001C5E99 /* HSEthereumKit.h */,
				3A3B59A8216B1B13001C5E99 /* Info.plist */,
				58AAAD1D445002A6D96D90DA /* Core */,
				D0BE8B6F21C9173B0090D264 /* Crypto */,
				58AAA241F1242A106F230969 /* Helpers */,
				58AAAD0293AB2F9E1C035A26 /* Models */,
				58AAAAEDBCD0E5DDE0F7E9D4 /* Managers */,
			);
			path = HSEthereumKit;
			sourceTree = "<group>";
		};
		58AAA241F1242A106F230969 /* Helpers */ = {
			isa = PBXGroup;
			children = (
				58AAAA0DB1559A80BD16982E /* AddressValidator.swift */,
				58AAAC4EEC58644B3BF08550 /* PeriodicTimer.swift */,
			);
			path = Helpers;
			sourceTree = "<group>";
		};
		58AAAAEDBCD0E5DDE0F7E9D4 /* Managers */ = {
			isa = PBXGroup;
			children = (
				58AAA0F77F10D6C404DFCD55 /* ReachabilityManager.swift */,
				58AAAE7D03FDF272C10519E1 /* RefreshManager.swift */,
			);
			path = Managers;
			sourceTree = "<group>";
		};
		58AAAD0293AB2F9E1C035A26 /* Models */ = {
			isa = PBXGroup;
			children = (
				58AAA1E3FA19355458A8B417 /* EthereumTransaction.swift */,
				58AAAFB6CCA44D8BFD8F4F39 /* EthereumBalance.swift */,
				58AAAF8EF6D1122AD52C8BD6 /* EthereumGasPrice.swift */,
				58AAA779492ED6F8A1606DF3 /* EthereumBlockHeight.swift */,
			);
			path = Models;
			sourceTree = "<group>";
		};
		58AAAD1D445002A6D96D90DA /* Core */ = {
			isa = PBXGroup;
			children = (
				58AAA6BB2DA999645A4E41EA /* EthereumKit.swift */,
				58AAAE7DC330A2628E515477 /* Extensions.swift */,
				58AAACCC8AD8A2CC08E4A5EC /* RealmFactory.swift */,
				58AAA61E60AF6E31E1822ADE /* GethProvider.swift */,
				58AAA69FB6E04728EDC5A525 /* Protocols.swift */,
			);
			path = Core;
			sourceTree = "<group>";
		};
		771194D7AFB450EC1E50D267 /* Frameworks */ = {
			isa = PBXGroup;
			children = (
				3A3B5B68216B5964001C5E99 /* HSCryptoKit.framework */,
				DB2DFC95631D62377495C0D8 /* Pods_HSEthereumKit.framework */,
				76F074BC2886A32B1444D8D7 /* Pods_HSEthereumKitTests.framework */,
			);
			name = Frameworks;
			sourceTree = "<group>";
		};
		D0BE8B6F21C9173B0090D264 /* Crypto */ = {
			isa = PBXGroup;
			children = (
				2FA5D35C66049BB927E23808 /* EIP155Signer.swift */,
			);
			path = Crypto;
			sourceTree = "<group>";
		};
		FEB70F892491AA1E98BF0B33 /* Pods */ = {
			isa = PBXGroup;
			children = (
				A7A1910508AEEE2D89293A0A /* Pods-HSEthereumKit.debug.xcconfig */,
				31624145EC1315E9F40EAFF4 /* Pods-HSEthereumKit.release.xcconfig */,
				6B6E64E8170B11AD1C5AD461 /* Pods-HSEthereumKitTests.debug.xcconfig */,
				41EC06F820EABFC17FE63A16 /* Pods-HSEthereumKitTests.release.xcconfig */,
			);
			name = Pods;
			sourceTree = "<group>";
		};
/* End PBXGroup section */

/* Begin PBXHeadersBuildPhase section */
		3A3B599F216B1B13001C5E99 /* Headers */ = {
			isa = PBXHeadersBuildPhase;
			buildActionMask = 2147483647;
			files = (
				3A3B59A9216B1B13001C5E99 /* HSEthereumKit.h in Headers */,
			);
			runOnlyForDeploymentPostprocessing = 0;
		};
/* End PBXHeadersBuildPhase section */

/* Begin PBXNativeTarget section */
		3A19DECB216F4422009109F2 /* HSEthereumKitTests */ = {
			isa = PBXNativeTarget;
			buildConfigurationList = 3A19DED6216F4422009109F2 /* Build configuration list for PBXNativeTarget "HSEthereumKitTests" */;
			buildPhases = (
				79435914D715B85B459A2665 /* [CP] Check Pods Manifest.lock */,
				3A19DED7216F44C5009109F2 /* Cuckoo */,
				3A19DEC8216F4422009109F2 /* Sources */,
				3A19DEC9216F4422009109F2 /* Frameworks */,
				3A19DECA216F4422009109F2 /* Resources */,
				D184AD83B1211C8756F436D2 /* [CP] Embed Pods Frameworks */,
			);
			buildRules = (
			);
			dependencies = (
				3A19DED3216F4422009109F2 /* PBXTargetDependency */,
			);
			name = HSEthereumKitTests;
			productName = HSEthereumKitTests;
			productReference = 3A19DECC216F4422009109F2 /* HSEthereumKitTests.xctest */;
			productType = "com.apple.product-type.bundle.unit-test";
		};
		3A3B59A3216B1B13001C5E99 /* HSEthereumKit */ = {
			isa = PBXNativeTarget;
			buildConfigurationList = 3A3B59AC216B1B13001C5E99 /* Build configuration list for PBXNativeTarget "HSEthereumKit" */;
			buildPhases = (
				73D2036AF7203B8C343FFCFB /* [CP] Check Pods Manifest.lock */,
				3A3B599F216B1B13001C5E99 /* Headers */,
				3A3B59A0216B1B13001C5E99 /* Sources */,
				3A3B59A1216B1B13001C5E99 /* Frameworks */,
				3A3B59A2216B1B13001C5E99 /* Resources */,
			);
			buildRules = (
			);
			dependencies = (
			);
			name = HSEthereumKit;
			productName = HSEthereumKit;
			productReference = 3A3B59A4216B1B13001C5E99 /* HSEthereumKit.framework */;
			productType = "com.apple.product-type.framework";
		};
/* End PBXNativeTarget section */

/* Begin PBXProject section */
		3A3B599B216B1B13001C5E99 /* Project object */ = {
			isa = PBXProject;
			attributes = {
				LastSwiftUpdateCheck = 1000;
				LastUpgradeCheck = 1000;
				ORGANIZATIONNAME = "Horizontal Systems";
				TargetAttributes = {
					3A19DECB216F4422009109F2 = {
						CreatedOnToolsVersion = 10.0;
					};
					3A3B59A3216B1B13001C5E99 = {
						CreatedOnToolsVersion = 10.0;
					};
				};
			};
			buildConfigurationList = 3A3B599E216B1B13001C5E99 /* Build configuration list for PBXProject "HSEthereumKit" */;
			compatibilityVersion = "Xcode 9.3";
			developmentRegion = en;
			hasScannedForEncodings = 0;
			knownRegions = (
				en,
			);
			mainGroup = 3A3B599A216B1B13001C5E99;
			productRefGroup = 3A3B59A5216B1B13001C5E99 /* Products */;
			projectDirPath = "";
			projectRoot = "";
			targets = (
				3A3B59A3216B1B13001C5E99 /* HSEthereumKit */,
				3A19DECB216F4422009109F2 /* HSEthereumKitTests */,
			);
		};
/* End PBXProject section */

/* Begin PBXResourcesBuildPhase section */
		3A19DECA216F4422009109F2 /* Resources */ = {
			isa = PBXResourcesBuildPhase;
			buildActionMask = 2147483647;
			files = (
			);
			runOnlyForDeploymentPostprocessing = 0;
		};
		3A3B59A2216B1B13001C5E99 /* Resources */ = {
			isa = PBXResourcesBuildPhase;
			buildActionMask = 2147483647;
			files = (
			);
			runOnlyForDeploymentPostprocessing = 0;
		};
/* End PBXResourcesBuildPhase section */

/* Begin PBXShellScriptBuildPhase section */
		3A19DED7216F44C5009109F2 /* Cuckoo */ = {
			isa = PBXShellScriptBuildPhase;
			buildActionMask = 2147483647;
			files = (
			);
			inputPaths = (
				"$(SRCROOT)/HSEthereumKit/Helpers/AddressValidator.swift",
			);
			name = Cuckoo;
			outputPaths = (
			);
			runOnlyForDeploymentPostprocessing = 0;
			shellPath = /bin/sh;
			shellScript = "# Define output file. Change \"$PROJECT_DIR/${PROJECT_NAME}Tests\" to your test's root source folder, if it's not the default name.\nOUTPUT_FILE=\"$PROJECT_DIR/${PROJECT_NAME}Tests/GeneratedMocks.swift\"\necho \"Generated Mocks File = $OUTPUT_FILE\"\n\n# Define input directory. Change \"${PROJECT_DIR}/${PROJECT_NAME}\" to your project's root source folder, if it's not the default name.\nINPUT_DIR=\"${PROJECT_DIR}/${PROJECT_NAME}\"\necho \"Mocks Input Directory = $INPUT_DIR\"\n\n# Generate mock files, include as many input files as you'd like to create mocks for.\n\"${PODS_ROOT}/Cuckoo/run\" generate --testable \"$PROJECT_NAME\" \\\n--output \"${OUTPUT_FILE}\"\n";
		};
		73D2036AF7203B8C343FFCFB /* [CP] Check Pods Manifest.lock */ = {
			isa = PBXShellScriptBuildPhase;
			buildActionMask = 2147483647;
			files = (
			);
			inputPaths = (
				"${PODS_PODFILE_DIR_PATH}/Podfile.lock",
				"${PODS_ROOT}/Manifest.lock",
			);
			name = "[CP] Check Pods Manifest.lock";
			outputPaths = (
				"$(DERIVED_FILE_DIR)/Pods-HSEthereumKit-checkManifestLockResult.txt",
			);
			runOnlyForDeploymentPostprocessing = 0;
			shellPath = /bin/sh;
			shellScript = "diff \"${PODS_PODFILE_DIR_PATH}/Podfile.lock\" \"${PODS_ROOT}/Manifest.lock\" > /dev/null\nif [ $? != 0 ] ; then\n    # print error to STDERR\n    echo \"error: The sandbox is not in sync with the Podfile.lock. Run 'pod install' or update your CocoaPods installation.\" >&2\n    exit 1\nfi\n# This output is used by Xcode 'outputs' to avoid re-running this script phase.\necho \"SUCCESS\" > \"${SCRIPT_OUTPUT_FILE_0}\"\n";
			showEnvVarsInLog = 0;
		};
		79435914D715B85B459A2665 /* [CP] Check Pods Manifest.lock */ = {
			isa = PBXShellScriptBuildPhase;
			buildActionMask = 2147483647;
			files = (
			);
			inputPaths = (
				"${PODS_PODFILE_DIR_PATH}/Podfile.lock",
				"${PODS_ROOT}/Manifest.lock",
			);
			name = "[CP] Check Pods Manifest.lock";
			outputPaths = (
				"$(DERIVED_FILE_DIR)/Pods-HSEthereumKitTests-checkManifestLockResult.txt",
			);
			runOnlyForDeploymentPostprocessing = 0;
			shellPath = /bin/sh;
			shellScript = "diff \"${PODS_PODFILE_DIR_PATH}/Podfile.lock\" \"${PODS_ROOT}/Manifest.lock\" > /dev/null\nif [ $? != 0 ] ; then\n    # print error to STDERR\n    echo \"error: The sandbox is not in sync with the Podfile.lock. Run 'pod install' or update your CocoaPods installation.\" >&2\n    exit 1\nfi\n# This output is used by Xcode 'outputs' to avoid re-running this script phase.\necho \"SUCCESS\" > \"${SCRIPT_OUTPUT_FILE_0}\"\n";
			showEnvVarsInLog = 0;
		};
		D184AD83B1211C8756F436D2 /* [CP] Embed Pods Frameworks */ = {
			isa = PBXShellScriptBuildPhase;
			buildActionMask = 2147483647;
			files = (
			);
			inputPaths = (
				"${SRCROOT}/../Pods/Target Support Files/Pods-HSEthereumKitTests/Pods-HSEthereumKitTests-frameworks.sh",
				"${BUILT_PRODUCTS_DIR}/Alamofire/Alamofire.framework",
				"${BUILT_PRODUCTS_DIR}/HSCryptoKit/HSCryptoKit.framework",
				"${BUILT_PRODUCTS_DIR}/HSHDWalletKit/HSHDWalletKit.framework",
				"${BUILT_PRODUCTS_DIR}/Realm/Realm.framework",
				"${BUILT_PRODUCTS_DIR}/RealmSwift/RealmSwift.framework",
				"${BUILT_PRODUCTS_DIR}/RxAtomic/RxAtomic.framework",
				"${BUILT_PRODUCTS_DIR}/RxRealm/RxRealm.framework",
				"${BUILT_PRODUCTS_DIR}/RxSwift/RxSwift.framework",
				"${BUILT_PRODUCTS_DIR}/Cuckoo/Cuckoo.framework",
			);
			name = "[CP] Embed Pods Frameworks";
			outputPaths = (
				"${TARGET_BUILD_DIR}/${FRAMEWORKS_FOLDER_PATH}/Alamofire.framework",
				"${TARGET_BUILD_DIR}/${FRAMEWORKS_FOLDER_PATH}/HSCryptoKit.framework",
				"${TARGET_BUILD_DIR}/${FRAMEWORKS_FOLDER_PATH}/HSHDWalletKit.framework",
				"${TARGET_BUILD_DIR}/${FRAMEWORKS_FOLDER_PATH}/Realm.framework",
				"${TARGET_BUILD_DIR}/${FRAMEWORKS_FOLDER_PATH}/RealmSwift.framework",
				"${TARGET_BUILD_DIR}/${FRAMEWORKS_FOLDER_PATH}/RxAtomic.framework",
				"${TARGET_BUILD_DIR}/${FRAMEWORKS_FOLDER_PATH}/RxRealm.framework",
				"${TARGET_BUILD_DIR}/${FRAMEWORKS_FOLDER_PATH}/RxSwift.framework",
				"${TARGET_BUILD_DIR}/${FRAMEWORKS_FOLDER_PATH}/Cuckoo.framework",
			);
			runOnlyForDeploymentPostprocessing = 0;
			shellPath = /bin/sh;
			shellScript = "\"${SRCROOT}/../Pods/Target Support Files/Pods-HSEthereumKitTests/Pods-HSEthereumKitTests-frameworks.sh\"\n";
			showEnvVarsInLog = 0;
		};
/* End PBXShellScriptBuildPhase section */

/* Begin PBXSourcesBuildPhase section */
		3A19DEC8216F4422009109F2 /* Sources */ = {
			isa = PBXSourcesBuildPhase;
			buildActionMask = 2147483647;
			files = (
				3A19DECF216F4422009109F2 /* HSEthereumKitTests.swift in Sources */,
				58AAA7C99F4D8FD7DF51C749 /* AddressValidatorTests.swift in Sources */,
			);
			runOnlyForDeploymentPostprocessing = 0;
		};
		3A3B59A0216B1B13001C5E99 /* Sources */ = {
			isa = PBXSourcesBuildPhase;
			buildActionMask = 2147483647;
			files = (
				3A38FA05216B78EE00A764EB /* IDGenerator.swift in Sources */,
				3A38F9FC216B78EE00A764EB /* Wallet.swift in Sources */,
				3A38FA0D216B78EE00A764EB /* JSONRPC.swift in Sources */,
				3A38F9E7216B78EE00A764EB /* EIP55.swift in Sources */,
				3A38FA09216B78EE00A764EB /* JSONRPCRequest.swift in Sources */,
				3A38F9ED216B78EE00A764EB /* BlockParameter.swift in Sources */,
				3A38F9FD216B78EE00A764EB /* HTTPClient.swift in Sources */,
				3A38FA01216B78EE00A764EB /* HTTPClientType.swift in Sources */,
				3A38F9E9216B78EE00A764EB /* Converter.swift in Sources */,
				3A38F9FE216B78EE00A764EB /* Method.swift in Sources */,
				3A38FA0E216B78EE00A764EB /* Geth.swift in Sources */,
				3A38F9F9216B78EE00A764EB /* SMP+Extensions.swift in Sources */,
				3A38F9FA216B78EE00A764EB /* String+Extension.swift in Sources */,
				3A38F9EA216B78EE00A764EB /* EthereumKitError.swift in Sources */,
				3A38F9E3216B78EE00A764EB /* ERC20.swift in Sources */,
				3A38FA08216B78EE00A764EB /* HTTPJSONRPCRequest.swift in Sources */,
				3A38F9E1216B78EE00A764EB /* Result.swift in Sources */,
				3A38F9FF216B78EE00A764EB /* Cancellable.swift in Sources */,
				3A38F9EC216B78EE00A764EB /* Address.swift in Sources */,
				3A38FA06216B78EE00A764EB /* JSONRPCError.swift in Sources */,
				3A38F9F0216B78EE00A764EB /* Transaction.swift in Sources */,
				3A38F9EB216B78EE00A764EB /* SentTransaction.swift in Sources */,
				3A38FA0C216B78EE00A764EB /* Etherscan.swift in Sources */,
				3A38FA04216B78EE00A764EB /* URLEncodedSerialization.swift in Sources */,
				3A38FA03216B78EE00A764EB /* JSONBodySerialization.swift in Sources */,
				3A38F9E0216B78EE00A764EB /* RLP.swift in Sources */,
				3A38F9E8216B78EE00A764EB /* SMP.swift in Sources */,
				3A38F9EF216B78EE00A764EB /* RawTransaction.swift in Sources */,
				3A38F9E2216B78EE00A764EB /* Network.swift in Sources */,
				3A38FA00216B78EE00A764EB /* RequestType.swift in Sources */,
				3A38FA0B216B78EE00A764EB /* Batch.swift in Sources */,
				3A38FA07216B78EE00A764EB /* BatchElement.swift in Sources */,
				3A38FA02216B78EE00A764EB /* Configuration.swift in Sources */,
				3A38F9EE216B78EE00A764EB /* Balance.swift in Sources */,
				3A38F9E6216B78EE00A764EB /* DataConvertable.swift in Sources */,
				3A38FA0A216B78EE00A764EB /* BatchFactory.swift in Sources */,
				58AAA1A0931ADF95231D4F87 /* EthereumKit.swift in Sources */,
				58AAAA05184221C7EDAF630A /* RealmFactory.swift in Sources */,
				58AAA80F6F0B000F0D11C5A8 /* EthereumTransaction.swift in Sources */,
				58AAAC79C7CF8ECC33A8E8FE /* EthereumBalance.swift in Sources */,
				58AAA9112849585C4F820AE8 /* AddressValidator.swift in Sources */,
				58AAA081A68345A707A45794 /* EthereumGasPrice.swift in Sources */,
				58AAA804F98AA25053BD7D25 /* EthereumBlockHeight.swift in Sources */,
				58AAA05BE3573AABBCBC6018 /* GethProvider.swift in Sources */,
				58AAA609C234AA48E23F4AE9 /* ReachabilityManager.swift in Sources */,
				58AAAF70BEF433B84C1AC0CD /* Protocols.swift in Sources */,
				58AAA908570CA831788F90D4 /* PeriodicTimer.swift in Sources */,
				58AAA23BCF9E3C06AD96C8B6 /* RefreshManager.swift in Sources */,
				58AAA52235D840702E55CAF4 /* Extensions.swift in Sources */,
				2FA5DC6FA74CBC6B30E91678 /* EIP155Signer.swift in Sources */,
				58AAA077832821FB1126AE0E /* Geth+Contract.swift in Sources */,
				58AAA2AFBB0016E4653C1CEF /* ERC20+Contract.swift in Sources */,
			);
			runOnlyForDeploymentPostprocessing = 0;
		};
/* End PBXSourcesBuildPhase section */

/* Begin PBXTargetDependency section */
		3A19DED3216F4422009109F2 /* PBXTargetDependency */ = {
			isa = PBXTargetDependency;
			target = 3A3B59A3216B1B13001C5E99 /* HSEthereumKit */;
			targetProxy = 3A19DED2216F4422009109F2 /* PBXContainerItemProxy */;
		};
/* End PBXTargetDependency section */

/* Begin XCBuildConfiguration section */
		3A19DED4216F4422009109F2 /* Debug */ = {
			isa = XCBuildConfiguration;
			baseConfigurationReference = 6B6E64E8170B11AD1C5AD461 /* Pods-HSEthereumKitTests.debug.xcconfig */;
			buildSettings = {
				CODE_SIGN_STYLE = Automatic;
				DEVELOPMENT_TEAM = 72234W6E3D;
				INFOPLIST_FILE = HSEthereumKitTests/Info.plist;
				IPHONEOS_DEPLOYMENT_TARGET = 11.4;
				LD_RUNPATH_SEARCH_PATHS = (
					"$(inherited)",
					"@executable_path/Frameworks",
					"@loader_path/Frameworks",
				);
				PRODUCT_BUNDLE_IDENTIFIER = io.horizontalsystems.HSEthereumKitTests;
				PRODUCT_NAME = "$(TARGET_NAME)";
				SWIFT_VERSION = 4.0;
				TARGETED_DEVICE_FAMILY = "1,2";
			};
			name = Debug;
		};
		3A19DED5216F4422009109F2 /* Release */ = {
			isa = XCBuildConfiguration;
			baseConfigurationReference = 41EC06F820EABFC17FE63A16 /* Pods-HSEthereumKitTests.release.xcconfig */;
			buildSettings = {
				CODE_SIGN_STYLE = Automatic;
				DEVELOPMENT_TEAM = 72234W6E3D;
				INFOPLIST_FILE = HSEthereumKitTests/Info.plist;
				IPHONEOS_DEPLOYMENT_TARGET = 11.4;
				LD_RUNPATH_SEARCH_PATHS = (
					"$(inherited)",
					"@executable_path/Frameworks",
					"@loader_path/Frameworks",
				);
				PRODUCT_BUNDLE_IDENTIFIER = io.horizontalsystems.HSEthereumKitTests;
				PRODUCT_NAME = "$(TARGET_NAME)";
				SWIFT_VERSION = 4.0;
				TARGETED_DEVICE_FAMILY = "1,2";
			};
			name = Release;
		};
		3A3B59AA216B1B13001C5E99 /* Debug */ = {
			isa = XCBuildConfiguration;
			buildSettings = {
				ALWAYS_SEARCH_USER_PATHS = NO;
				APPLICATION_EXTENSION_API_ONLY = YES;
				CLANG_ANALYZER_NONNULL = YES;
				CLANG_ANALYZER_NUMBER_OBJECT_CONVERSION = YES_AGGRESSIVE;
				CLANG_CXX_LANGUAGE_STANDARD = "gnu++14";
				CLANG_CXX_LIBRARY = "libc++";
				CLANG_ENABLE_MODULES = YES;
				CLANG_ENABLE_OBJC_ARC = YES;
				CLANG_ENABLE_OBJC_WEAK = YES;
				CLANG_WARN_BLOCK_CAPTURE_AUTORELEASING = YES;
				CLANG_WARN_BOOL_CONVERSION = YES;
				CLANG_WARN_COMMA = YES;
				CLANG_WARN_CONSTANT_CONVERSION = YES;
				CLANG_WARN_DEPRECATED_OBJC_IMPLEMENTATIONS = YES;
				CLANG_WARN_DIRECT_OBJC_ISA_USAGE = YES_ERROR;
				CLANG_WARN_DOCUMENTATION_COMMENTS = YES;
				CLANG_WARN_EMPTY_BODY = YES;
				CLANG_WARN_ENUM_CONVERSION = YES;
				CLANG_WARN_INFINITE_RECURSION = YES;
				CLANG_WARN_INT_CONVERSION = YES;
				CLANG_WARN_NON_LITERAL_NULL_CONVERSION = YES;
				CLANG_WARN_OBJC_IMPLICIT_RETAIN_SELF = YES;
				CLANG_WARN_OBJC_LITERAL_CONVERSION = YES;
				CLANG_WARN_OBJC_ROOT_CLASS = YES_ERROR;
				CLANG_WARN_RANGE_LOOP_ANALYSIS = YES;
				CLANG_WARN_STRICT_PROTOTYPES = YES;
				CLANG_WARN_SUSPICIOUS_MOVE = YES;
				CLANG_WARN_UNGUARDED_AVAILABILITY = YES_AGGRESSIVE;
				CLANG_WARN_UNREACHABLE_CODE = YES;
				CLANG_WARN__DUPLICATE_METHOD_MATCH = YES;
				CODE_SIGN_IDENTITY = "iPhone Developer";
				COPY_PHASE_STRIP = NO;
				CURRENT_PROJECT_VERSION = 1;
				DEBUG_INFORMATION_FORMAT = dwarf;
				ENABLE_STRICT_OBJC_MSGSEND = YES;
				ENABLE_TESTABILITY = YES;
				GCC_C_LANGUAGE_STANDARD = gnu11;
				GCC_DYNAMIC_NO_PIC = NO;
				GCC_NO_COMMON_BLOCKS = YES;
				GCC_OPTIMIZATION_LEVEL = 0;
				GCC_PREPROCESSOR_DEFINITIONS = (
					"DEBUG=1",
					"$(inherited)",
				);
				GCC_WARN_64_TO_32_BIT_CONVERSION = YES;
				GCC_WARN_ABOUT_RETURN_TYPE = YES_ERROR;
				GCC_WARN_UNDECLARED_SELECTOR = YES;
				GCC_WARN_UNINITIALIZED_AUTOS = YES_AGGRESSIVE;
				GCC_WARN_UNUSED_FUNCTION = YES;
				GCC_WARN_UNUSED_VARIABLE = YES;
				IPHONEOS_DEPLOYMENT_TARGET = 11.0;
				MTL_ENABLE_DEBUG_INFO = INCLUDE_SOURCE;
				MTL_FAST_MATH = YES;
				ONLY_ACTIVE_ARCH = YES;
				SDKROOT = iphoneos;
				SWIFT_ACTIVE_COMPILATION_CONDITIONS = DEBUG;
				SWIFT_OPTIMIZATION_LEVEL = "-Onone";
				VERSIONING_SYSTEM = "apple-generic";
				VERSION_INFO_PREFIX = "";
			};
			name = Debug;
		};
		3A3B59AB216B1B13001C5E99 /* Release */ = {
			isa = XCBuildConfiguration;
			buildSettings = {
				ALWAYS_SEARCH_USER_PATHS = NO;
				APPLICATION_EXTENSION_API_ONLY = YES;
				CLANG_ANALYZER_NONNULL = YES;
				CLANG_ANALYZER_NUMBER_OBJECT_CONVERSION = YES_AGGRESSIVE;
				CLANG_CXX_LANGUAGE_STANDARD = "gnu++14";
				CLANG_CXX_LIBRARY = "libc++";
				CLANG_ENABLE_MODULES = YES;
				CLANG_ENABLE_OBJC_ARC = YES;
				CLANG_ENABLE_OBJC_WEAK = YES;
				CLANG_WARN_BLOCK_CAPTURE_AUTORELEASING = YES;
				CLANG_WARN_BOOL_CONVERSION = YES;
				CLANG_WARN_COMMA = YES;
				CLANG_WARN_CONSTANT_CONVERSION = YES;
				CLANG_WARN_DEPRECATED_OBJC_IMPLEMENTATIONS = YES;
				CLANG_WARN_DIRECT_OBJC_ISA_USAGE = YES_ERROR;
				CLANG_WARN_DOCUMENTATION_COMMENTS = YES;
				CLANG_WARN_EMPTY_BODY = YES;
				CLANG_WARN_ENUM_CONVERSION = YES;
				CLANG_WARN_INFINITE_RECURSION = YES;
				CLANG_WARN_INT_CONVERSION = YES;
				CLANG_WARN_NON_LITERAL_NULL_CONVERSION = YES;
				CLANG_WARN_OBJC_IMPLICIT_RETAIN_SELF = YES;
				CLANG_WARN_OBJC_LITERAL_CONVERSION = YES;
				CLANG_WARN_OBJC_ROOT_CLASS = YES_ERROR;
				CLANG_WARN_RANGE_LOOP_ANALYSIS = YES;
				CLANG_WARN_STRICT_PROTOTYPES = YES;
				CLANG_WARN_SUSPICIOUS_MOVE = YES;
				CLANG_WARN_UNGUARDED_AVAILABILITY = YES_AGGRESSIVE;
				CLANG_WARN_UNREACHABLE_CODE = YES;
				CLANG_WARN__DUPLICATE_METHOD_MATCH = YES;
				CODE_SIGN_IDENTITY = "iPhone Developer";
				COPY_PHASE_STRIP = NO;
				CURRENT_PROJECT_VERSION = 1;
				DEBUG_INFORMATION_FORMAT = "dwarf-with-dsym";
				ENABLE_NS_ASSERTIONS = NO;
				ENABLE_STRICT_OBJC_MSGSEND = YES;
				GCC_C_LANGUAGE_STANDARD = gnu11;
				GCC_NO_COMMON_BLOCKS = YES;
				GCC_WARN_64_TO_32_BIT_CONVERSION = YES;
				GCC_WARN_ABOUT_RETURN_TYPE = YES_ERROR;
				GCC_WARN_UNDECLARED_SELECTOR = YES;
				GCC_WARN_UNINITIALIZED_AUTOS = YES_AGGRESSIVE;
				GCC_WARN_UNUSED_FUNCTION = YES;
				GCC_WARN_UNUSED_VARIABLE = YES;
				IPHONEOS_DEPLOYMENT_TARGET = 11.0;
				MTL_ENABLE_DEBUG_INFO = NO;
				MTL_FAST_MATH = YES;
				SDKROOT = iphoneos;
				SWIFT_COMPILATION_MODE = wholemodule;
				SWIFT_OPTIMIZATION_LEVEL = "-O";
				VALIDATE_PRODUCT = YES;
				VERSIONING_SYSTEM = "apple-generic";
				VERSION_INFO_PREFIX = "";
			};
			name = Release;
		};
		3A3B59AD216B1B13001C5E99 /* Debug */ = {
			isa = XCBuildConfiguration;
			baseConfigurationReference = A7A1910508AEEE2D89293A0A /* Pods-HSEthereumKit.debug.xcconfig */;
			buildSettings = {
				CODE_SIGN_IDENTITY = "";
				CODE_SIGN_STYLE = Automatic;
				DEFINES_MODULE = YES;
				DEVELOPMENT_TEAM = 72234W6E3D;
				DYLIB_COMPATIBILITY_VERSION = 1;
				DYLIB_CURRENT_VERSION = 1;
				DYLIB_INSTALL_NAME_BASE = "@rpath";
				INFOPLIST_FILE = HSEthereumKit/Info.plist;
				INSTALL_PATH = "$(LOCAL_LIBRARY_DIR)/Frameworks";
				IPHONEOS_DEPLOYMENT_TARGET = 11.0;
				LD_RUNPATH_SEARCH_PATHS = (
					"$(inherited)",
					"@executable_path/Frameworks",
					"@loader_path/Frameworks",
				);
				PRODUCT_BUNDLE_IDENTIFIER = io.horizontalsystems.HSEthereumKit;
				PRODUCT_NAME = "$(TARGET_NAME:c99extidentifier)";
				SKIP_INSTALL = YES;
				SWIFT_VERSION = 4.0;
				TARGETED_DEVICE_FAMILY = "1,2";
			};
			name = Debug;
		};
		3A3B59AE216B1B13001C5E99 /* Release */ = {
			isa = XCBuildConfiguration;
			baseConfigurationReference = 31624145EC1315E9F40EAFF4 /* Pods-HSEthereumKit.release.xcconfig */;
			buildSettings = {
				CODE_SIGN_IDENTITY = "";
				CODE_SIGN_STYLE = Automatic;
				DEFINES_MODULE = YES;
				DEVELOPMENT_TEAM = 72234W6E3D;
				DYLIB_COMPATIBILITY_VERSION = 1;
				DYLIB_CURRENT_VERSION = 1;
				DYLIB_INSTALL_NAME_BASE = "@rpath";
				INFOPLIST_FILE = HSEthereumKit/Info.plist;
				INSTALL_PATH = "$(LOCAL_LIBRARY_DIR)/Frameworks";
				IPHONEOS_DEPLOYMENT_TARGET = 11.0;
				LD_RUNPATH_SEARCH_PATHS = (
					"$(inherited)",
					"@executable_path/Frameworks",
					"@loader_path/Frameworks",
				);
				PRODUCT_BUNDLE_IDENTIFIER = io.horizontalsystems.HSEthereumKit;
				PRODUCT_NAME = "$(TARGET_NAME:c99extidentifier)";
				SKIP_INSTALL = YES;
				SWIFT_VERSION = 4.0;
				TARGETED_DEVICE_FAMILY = "1,2";
			};
			name = Release;
		};
/* End XCBuildConfiguration section */

/* Begin XCConfigurationList section */
		3A19DED6216F4422009109F2 /* Build configuration list for PBXNativeTarget "HSEthereumKitTests" */ = {
			isa = XCConfigurationList;
			buildConfigurations = (
				3A19DED4216F4422009109F2 /* Debug */,
				3A19DED5216F4422009109F2 /* Release */,
			);
			defaultConfigurationIsVisible = 0;
			defaultConfigurationName = Release;
		};
		3A3B599E216B1B13001C5E99 /* Build configuration list for PBXProject "HSEthereumKit" */ = {
			isa = XCConfigurationList;
			buildConfigurations = (
				3A3B59AA216B1B13001C5E99 /* Debug */,
				3A3B59AB216B1B13001C5E99 /* Release */,
			);
			defaultConfigurationIsVisible = 0;
			defaultConfigurationName = Release;
		};
		3A3B59AC216B1B13001C5E99 /* Build configuration list for PBXNativeTarget "HSEthereumKit" */ = {
			isa = XCConfigurationList;
			buildConfigurations = (
				3A3B59AD216B1B13001C5E99 /* Debug */,
				3A3B59AE216B1B13001C5E99 /* Release */,
			);
			defaultConfigurationIsVisible = 0;
			defaultConfigurationName = Release;
		};
/* End XCConfigurationList section */
	};
	rootObject = 3A3B599B216B1B13001C5E99 /* Project object */;
}
