// !$*UTF8*$!
{
	archiveVersion = 1;
	classes = {
	};
	objectVersion = 50;
	objects = {

/* Begin PBXBuildFile section */
		11B3505A666E165C2588FE0B /* AccountStateRequest.swift in Sources */ = {isa = PBXBuildFile; fileRef = 11B35FF015ED96B91156834F /* AccountStateRequest.swift */; };
		11B3506080199717F92EC5CB /* NetworkManager.swift in Sources */ = {isa = PBXBuildFile; fileRef = 11B35893177645F06E2AE8FB /* NetworkManager.swift */; };
		11B3515D132B5DCC500CF100 /* DevP2PConnection.swift in Sources */ = {isa = PBXBuildFile; fileRef = 11B35CC13BE2809A1D47FC37 /* DevP2PConnection.swift */; };
		11B35169E195D2801E57AD81 /* FrameConnection.swift in Sources */ = {isa = PBXBuildFile; fileRef = 11B353E4C00F4D12A5401C6F /* FrameConnection.swift */; };
		11B35251F4EFCD904ABECE2D /* TransactionInfo.swift in Sources */ = {isa = PBXBuildFile; fileRef = 11B352DAE427B837007007B2 /* TransactionInfo.swift */; };
		11B352E362DBABA085F7DC8B /* TransactionSigner.swift in Sources */ = {isa = PBXBuildFile; fileRef = 11B3540116A395366AE6F482 /* TransactionSigner.swift */; };
		11B353C417475E1596BABE60 /* EthereumBalance.swift in Sources */ = {isa = PBXBuildFile; fileRef = 11B35EF3E13F7755732C2765 /* EthereumBalance.swift */; };
		11B353DA20E3DD02F8C8D4D4 /* LESPeerRequestHolder.swift in Sources */ = {isa = PBXBuildFile; fileRef = 11B35434455A2AF945B2BD1B /* LESPeerRequestHolder.swift */; };
		11B35405B7E0C4928E078F76 /* PeerGroupState.swift in Sources */ = {isa = PBXBuildFile; fileRef = 11B3563AB847E272EE94FECD /* PeerGroupState.swift */; };
		11B354A47ED18CDC0599ED49 /* PeerProvider.swift in Sources */ = {isa = PBXBuildFile; fileRef = 11B35C30343C696F41F7EC66 /* PeerProvider.swift */; };
		11B35572FEFC292AC6678A7F /* BlockchainState.swift in Sources */ = {isa = PBXBuildFile; fileRef = 11B35263DF2BF2068B63FC30 /* BlockchainState.swift */; };
		11B355933CBBA8A82C7005A2 /* AddressValidator.swift in Sources */ = {isa = PBXBuildFile; fileRef = 11B359FB55ECFEAC7CAE2A08 /* AddressValidator.swift */; };
		11B356030FB7878C2BD0C5A8 /* Logger.swift in Sources */ = {isa = PBXBuildFile; fileRef = 11B357626B809CC6A964D5B1 /* Logger.swift */; };
		11B3563CCAB1B50D85984C7E /* CapabilityHelperTests.swift in Sources */ = {isa = PBXBuildFile; fileRef = 11B351D958CC3C4A60EEEC9D /* CapabilityHelperTests.swift */; };
		11B356BF054DFC99D8EB19E5 /* GeneratedMocks.swift in Sources */ = {isa = PBXBuildFile; fileRef = 11B359F34D40C2E21B4CD620 /* GeneratedMocks.swift */; };
		11B356C00C09E99530F2831E /* Signature.swift in Sources */ = {isa = PBXBuildFile; fileRef = 11B35D26672131FDD0A04A33 /* Signature.swift */; };
		11B35776F4FF3AFEBC314BA5 /* MainNet.swift in Sources */ = {isa = PBXBuildFile; fileRef = 11B3573C09B1BA0CBB48642F /* MainNet.swift */; };
		11B357CC1C30E29E9276522F /* Kovan.swift in Sources */ = {isa = PBXBuildFile; fileRef = 11B359E71C80BE3229E1688F /* Kovan.swift */; };
		11B358FE9E238EF0DA368319 /* TransactionBuilder.swift in Sources */ = {isa = PBXBuildFile; fileRef = 11B352BAA4B1636FA6FCDA75 /* TransactionBuilder.swift */; };
		11B3592A8ADE33386B8D5783 /* MaxCost.swift in Sources */ = {isa = PBXBuildFile; fileRef = 11B35CF0B3192008B47AAACB /* MaxCost.swift */; };
		11B359FF9CFC6CEFEECFBEAC /* BlockValidatorTests.swift in Sources */ = {isa = PBXBuildFile; fileRef = 11B3559A823FD2E479FB53EB /* BlockValidatorTests.swift */; };
		11B35A0D90F7DDB2DE3D2FEC /* BlockHeaderRequest.swift in Sources */ = {isa = PBXBuildFile; fileRef = 11B359DA0DDE45734AB73E25 /* BlockHeaderRequest.swift */; };
		11B35A4116607D8C5B444E37 /* EthereumKitState.swift in Sources */ = {isa = PBXBuildFile; fileRef = 11B3567B8F9696AA05DFFADE /* EthereumKitState.swift */; };
		11B35AA6B3D4826B649A4985 /* BlockValidator.swift in Sources */ = {isa = PBXBuildFile; fileRef = 11B358B81C30D5D2AAD8B85C /* BlockValidator.swift */; };
		11B35B0D2D815D5A08BE4C54 /* BlockHelper.swift in Sources */ = {isa = PBXBuildFile; fileRef = 11B356EE4167A9EF2D429826 /* BlockHelper.swift */; };
		11B35B8E0F413DDC120EB1A9 /* BaseGrdbStorage.swift in Sources */ = {isa = PBXBuildFile; fileRef = 11B357A047DE71BAAF7B7429 /* BaseGrdbStorage.swift */; };
		11B35C62ACE0870699401F3F /* CapabilityHelper.swift in Sources */ = {isa = PBXBuildFile; fileRef = 11B35074A6F5AB51D13B06BE /* CapabilityHelper.swift */; };
		11B35CEF617BCF783C3D1DCA /* Transaction.swift in Sources */ = {isa = PBXBuildFile; fileRef = 11B359B70EC74CF5E6CFBC0C /* Transaction.swift */; };
		11B35D680CDB83B30D29187F /* PeerGroupTests.swift in Sources */ = {isa = PBXBuildFile; fileRef = 11B351260B945ADB1196EA18 /* PeerGroupTests.swift */; };
		11B35EAEAEC58D077071352A /* LESPeerTests.swift in Sources */ = {isa = PBXBuildFile; fileRef = 11B35FFC4D818569376084A3 /* LESPeerTests.swift */; };
		11B35EB873DF5DDFC6B5207C /* DevP2PPeerTests.swift in Sources */ = {isa = PBXBuildFile; fileRef = 11B35A34A00570C3752F1EBC /* DevP2PPeerTests.swift */; };
		11B35FCE3632C73F4272964F /* EthereumKitTests.swift in Sources */ = {isa = PBXBuildFile; fileRef = 11B350977535A5956D227887 /* EthereumKitTests.swift */; };
		2BF25F8F9F09855FF45ED54A /* Pods_EthereumKit.framework in Frameworks */ = {isa = PBXBuildFile; fileRef = 1C9F117BCBA4A7121478DF3B /* Pods_EthereumKit.framework */; };
		2FA5D06D94EED4E441401521 /* GetLogsRequest.swift in Sources */ = {isa = PBXBuildFile; fileRef = 2FA5D43B0294D36092C1A91B /* GetLogsRequest.swift */; };
		2FA5D0AB7FDC96F55B71D878 /* SpvBlockchain.swift in Sources */ = {isa = PBXBuildFile; fileRef = 2FA5D54BE325711ECA0B71FD /* SpvBlockchain.swift */; };
		2FA5D0C989B966163BEDA335 /* Factory.swift in Sources */ = {isa = PBXBuildFile; fileRef = 2FA5DE89EC708FF1389B1AD8 /* Factory.swift */; };
		2FA5D10365467428AE6D1990 /* GetBlockHeadersMessage.swift in Sources */ = {isa = PBXBuildFile; fileRef = 2FA5DCDC57214CB4735AC6D7 /* GetBlockHeadersMessage.swift */; };
		2FA5D1789341FEC8ECAEDF28 /* FrameHandlerTests.swift in Sources */ = {isa = PBXBuildFile; fileRef = 2FA5DD8CB36A6B69D3C60578 /* FrameHandlerTests.swift */; };
		2FA5D1952F414C9588E326B3 /* EtherscanApiProvider.swift in Sources */ = {isa = PBXBuildFile; fileRef = 2FA5DE6BB6E11DFF4999703A /* EtherscanApiProvider.swift */; };
		2FA5D1A791D3CCD4D6112AD4 /* EncryptionHandshake.swift in Sources */ = {isa = PBXBuildFile; fileRef = 2FA5DFB30D819EF531C3398E /* EncryptionHandshake.swift */; };
		2FA5D1F9A797ACF4A6CA6983 /* GetContractCodesMessage.swift in Sources */ = {isa = PBXBuildFile; fileRef = 2FA5DB26884D3DD6B0348F7A /* GetContractCodesMessage.swift */; };
		2FA5D20E88F8586DE6525EE8 /* ECPoint.swift in Sources */ = {isa = PBXBuildFile; fileRef = 2FA5D2551DD1A31FAE14B658 /* ECPoint.swift */; };
		2FA5D21EE88B9D877156DAA8 /* GetStorageAtResponse.swift in Sources */ = {isa = PBXBuildFile; fileRef = 2FA5D61CAFCADEA2F1F40AFB /* GetStorageAtResponse.swift */; };
		2FA5D28E7F979BB283BE331D /* EthereumLog.swift in Sources */ = {isa = PBXBuildFile; fileRef = 2FA5D88BE41ABC60461623B4 /* EthereumLog.swift */; };
		2FA5D2A5DA6908DAFD8D2EEC /* BlockBodiesMessage.swift in Sources */ = {isa = PBXBuildFile; fileRef = 2FA5DFD6642B66D378E6C92F /* BlockBodiesMessage.swift */; };
		2FA5D305198C4D1299F3E243 /* PingMessage.swift in Sources */ = {isa = PBXBuildFile; fileRef = 2FA5D6B64B8F5DB8A96B5764 /* PingMessage.swift */; };
		2FA5D3DD1064899B9A147B46 /* Connection.swift in Sources */ = {isa = PBXBuildFile; fileRef = 2FA5DB020DCF129D22579F81 /* Connection.swift */; };
		2FA5D3F4D073AC875668BC60 /* RLPElement.swift in Sources */ = {isa = PBXBuildFile; fileRef = 2FA5D2E6FEDE5D76D548F452 /* RLPElement.swift */; };
		2FA5D47E414D98392426E29C /* DevP2PPeer.swift in Sources */ = {isa = PBXBuildFile; fileRef = 2FA5DF7C44A0AC245CB295B8 /* DevP2PPeer.swift */; };
		2FA5D48236919F8E5CD555EB /* TrieNode.swift in Sources */ = {isa = PBXBuildFile; fileRef = 2FA5D7631B05C28AD14CB208 /* TrieNode.swift */; };
		2FA5D4A4E2261235099C40A1 /* AccountState.swift in Sources */ = {isa = PBXBuildFile; fileRef = 2FA5DE7DC417CD1AFC180818 /* AccountState.swift */; };
		2FA5D4D8A080C3424228FC74 /* Node.swift in Sources */ = {isa = PBXBuildFile; fileRef = 2FA5D51BD89CC6356F1E6138 /* Node.swift */; };
		2FA5D51682C4E5B3142ED129 /* Secrets.swift in Sources */ = {isa = PBXBuildFile; fileRef = 2FA5D86EB23FA5FAC1F8D980 /* Secrets.swift */; };
		2FA5D5A758CA299DF31D658C /* ApiGrdbStorage.swift in Sources */ = {isa = PBXBuildFile; fileRef = 2FA5D2429CE23A0646E3FB09 /* ApiGrdbStorage.swift */; };
		2FA5D5B35CEDF93EFF129A99 /* ECIESEngine.swift in Sources */ = {isa = PBXBuildFile; fileRef = 2FA5D83153C7DAF54FFDAC69 /* ECIESEngine.swift */; };
		2FA5D63EFB63A7A6FB6C9641 /* HelperTrieProofsMessage.swift in Sources */ = {isa = PBXBuildFile; fileRef = 2FA5D9EB4FC06116CAF83E63 /* HelperTrieProofsMessage.swift */; };
		2FA5D6648F420D546262B400 /* Block.swift in Sources */ = {isa = PBXBuildFile; fileRef = 2FA5D6454854EFD2E01F7A29 /* Block.swift */; };
		2FA5D7BDF45541E1DCC4CD6B /* ECKey.swift in Sources */ = {isa = PBXBuildFile; fileRef = 2FA5D8679E66C5E8E2DA15AB /* ECKey.swift */; };
		2FA5D7C28C56B02217DEF448 /* PeerGroup.swift in Sources */ = {isa = PBXBuildFile; fileRef = 2FA5DC4BD52779213E1952A6 /* PeerGroup.swift */; };
		2FA5D7D60D389329C7C9354B /* MessageDecodeError.swift in Sources */ = {isa = PBXBuildFile; fileRef = 2FA5D7ED1B21F1AE8C82AA19 /* MessageDecodeError.swift */; };
		2FA5D82C984D9AB4F2BA3DF5 /* GetHelperTrieProofsMessage.swift in Sources */ = {isa = PBXBuildFile; fileRef = 2FA5D6C74AC5D8A2458504FB /* GetHelperTrieProofsMessage.swift */; };
		2FA5D896847DBF38F8F5D466 /* SendTransactionMessage.swift in Sources */ = {isa = PBXBuildFile; fileRef = 2FA5DBCC12984369F14F3168 /* SendTransactionMessage.swift */; };
		2FA5D907FE4B2F51D26F4991 /* InfuraApiProvider.swift in Sources */ = {isa = PBXBuildFile; fileRef = 2FA5D0D97F06D9C1E3456A9A /* InfuraApiProvider.swift */; };
		2FA5D916D6B4917E4C19B3E1 /* GetStorageAtRequest.swift in Sources */ = {isa = PBXBuildFile; fileRef = 2FA5DCC0AFBA020ACA143172 /* GetStorageAtRequest.swift */; };
		2FA5D9604BFA2B2F21764D50 /* ApiProtocols.swift in Sources */ = {isa = PBXBuildFile; fileRef = 2FA5D30AFD6BC28319FEC691 /* ApiProtocols.swift */; };
		2FA5D9ACC1BA868F86A7FF06 /* GetBlockBodiesMessage.swift in Sources */ = {isa = PBXBuildFile; fileRef = 2FA5D4591B4CF6B06A977FA7 /* GetBlockBodiesMessage.swift */; };
		2FA5DB10DC5D47E5D962923E /* BlockHeadersMessage.swift in Sources */ = {isa = PBXBuildFile; fileRef = 2FA5D5ABAD0B3E9783140405 /* BlockHeadersMessage.swift */; };
		2FA5DB25840B287D4DE5CEDE /* EthereumKit.swift in Sources */ = {isa = PBXBuildFile; fileRef = 2FA5D197843DCF8B688B94E0 /* EthereumKit.swift */; };
		2FA5DB53D8BEF7817AF48226 /* GetProofsMessage.swift in Sources */ = {isa = PBXBuildFile; fileRef = 2FA5D4911004F5FDA3416211 /* GetProofsMessage.swift */; };
		2FA5DB82D60FEB171078AD2B /* ReceiptsMessage.swift in Sources */ = {isa = PBXBuildFile; fileRef = 2FA5DAE3530F7B1EB580DD6F /* ReceiptsMessage.swift */; };
		2FA5DB895FCE9F2D5F647471 /* FrameCodecTests.swift in Sources */ = {isa = PBXBuildFile; fileRef = 2FA5D1166DD8433574C3A3CF /* FrameCodecTests.swift */; };
		2FA5DB8E7A85D2FFF7EDF697 /* TransactionStatusMessage.swift in Sources */ = {isa = PBXBuildFile; fileRef = 2FA5DB7ECB5A111AABF95774 /* TransactionStatusMessage.swift */; };
		2FA5DB9E65D95E9783E8555A /* ProofsMessage.swift in Sources */ = {isa = PBXBuildFile; fileRef = 2FA5D70F6465DF3197A7D16B /* ProofsMessage.swift */; };
		2FA5DC0FAF7E6F42971C9A3C /* GetLogsResponse.swift in Sources */ = {isa = PBXBuildFile; fileRef = 2FA5DDD05F4A81A1BF3AC641 /* GetLogsResponse.swift */; };
		2FA5DC2C7AD65186A16111DD /* AnnounceMessage.swift in Sources */ = {isa = PBXBuildFile; fileRef = 2FA5D6E9922D9BFE332F795F /* AnnounceMessage.swift */; };
		2FA5DCA80A4F5AE77263EF06 /* BlockHeader.swift in Sources */ = {isa = PBXBuildFile; fileRef = 2FA5D541908FBA863AE47DAF /* BlockHeader.swift */; };
		2FA5DCABC6722CA8A660F3BD /* PongMessage.swift in Sources */ = {isa = PBXBuildFile; fileRef = 2FA5D1A1BCF7A1371F2685D0 /* PongMessage.swift */; };
		2FA5DCECC11487472ABF4E74 /* ECIESEncryptedMessage.swift in Sources */ = {isa = PBXBuildFile; fileRef = 2FA5DB6A93C818473E5758F3 /* ECIESEncryptedMessage.swift */; };
		2FA5DD415FFB6952F05F2365 /* DisconnectMessage.swift in Sources */ = {isa = PBXBuildFile; fileRef = 2FA5DD7404B8066A334ECB61 /* DisconnectMessage.swift */; };
		2FA5DD46A3A481CF9B46FA10 /* GetReceiptsMessage.swift in Sources */ = {isa = PBXBuildFile; fileRef = 2FA5D9184B03056A0AA6A81C /* GetReceiptsMessage.swift */; };
		2FA5DD6E7E7E0E34F522ECF0 /* Extensions.swift in Sources */ = {isa = PBXBuildFile; fileRef = 2FA5D13230B8A0C65D36EB88 /* Extensions.swift */; };
		2FA5DDB6DA87270E580B1841 /* ContractCodesMessage.swift in Sources */ = {isa = PBXBuildFile; fileRef = 2FA5DA26D089CBF43D12F074 /* ContractCodesMessage.swift */; };
		2FA5DE6B71DC226A27394D81 /* Ropsten.swift in Sources */ = {isa = PBXBuildFile; fileRef = 2FA5D05F4E0D54E432282958 /* Ropsten.swift */; };
		2FA5DEC3120ADD70599E4D30 /* CryptoUtils.swift in Sources */ = {isa = PBXBuildFile; fileRef = 2FA5D954B771889521CE2999 /* CryptoUtils.swift */; };
		2FA5DED333D7F0D2187385F3 /* ApiBlockchain.swift in Sources */ = {isa = PBXBuildFile; fileRef = 2FA5DCAC6245499C2C11A0E2 /* ApiBlockchain.swift */; };
		2FA5DEE6CABB42698BCBE9A3 /* SpvGrdbStorage.swift in Sources */ = {isa = PBXBuildFile; fileRef = 2FA5D934DC75ADCB54EAC6AE /* SpvGrdbStorage.swift */; };
		2FA5DF1EAFCF03530FC5EDD9 /* LESPeer.swift in Sources */ = {isa = PBXBuildFile; fileRef = 2FA5DB45240D5ABA8611298A /* LESPeer.swift */; };
		2FA5DF6C2109ECA26A3E224E /* SpvProtocols.swift in Sources */ = {isa = PBXBuildFile; fileRef = 2FA5D5A69DC77DC29BA1D6E7 /* SpvProtocols.swift */; };
		2FA5DF9A26B57CA31D5E7333 /* GetTransactionStatusMessage.swift in Sources */ = {isa = PBXBuildFile; fileRef = 2FA5D29D612226755149F63A /* GetTransactionStatusMessage.swift */; };
		3730EE5D27877594F8BB27BE /* Pods_EthereumKitTests.framework in Frameworks */ = {isa = PBXBuildFile; fileRef = 596741140BF72953EA371834 /* Pods_EthereumKitTests.framework */; };
		3A19DED1216F4422009109F2 /* EthereumKit.framework in Frameworks */ = {isa = PBXBuildFile; fileRef = 3A3B59A4216B1B13001C5E99 /* EthereumKit.framework */; };
		3A38F9E0216B78EE00A764EB /* RLP.swift in Sources */ = {isa = PBXBuildFile; fileRef = 3A38F9A6216B78EE00A764EB /* RLP.swift */; };
		3A38F9E7216B78EE00A764EB /* EIP55.swift in Sources */ = {isa = PBXBuildFile; fileRef = 3A38F9AD216B78EE00A764EB /* EIP55.swift */; };
		3A38F9EF216B78EE00A764EB /* RawTransaction.swift in Sources */ = {isa = PBXBuildFile; fileRef = 3A38F9B6216B78EE00A764EB /* RawTransaction.swift */; };
		3A3B59A9216B1B13001C5E99 /* EthereumKit.h in Headers */ = {isa = PBXBuildFile; fileRef = 3A3B59A7216B1B13001C5E99 /* EthereumKit.h */; settings = {ATTRIBUTES = (Public, ); }; };
		3C7B97D4EA0867E5FC827D07 /* EIP55Tests.swift in Sources */ = {isa = PBXBuildFile; fileRef = 3C7B927263342DD6964CFE2F /* EIP55Tests.swift */; };
		58AAA52235D840702E55CAF4 /* Extensions.swift in Sources */ = {isa = PBXBuildFile; fileRef = 58AAAE7DC330A2628E515477 /* Extensions.swift */; };
		58AAA609C234AA48E23F4AE9 /* ReachabilityManager.swift in Sources */ = {isa = PBXBuildFile; fileRef = 58AAA0F77F10D6C404DFCD55 /* ReachabilityManager.swift */; };
		58AAA7C99F4D8FD7DF51C749 /* AddressValidatorTests.swift in Sources */ = {isa = PBXBuildFile; fileRef = 58AAA4CC1551836BE97FA9EA /* AddressValidatorTests.swift */; };
		58AAABF92F0BD40996C36D0F /* Signal.swift in Sources */ = {isa = PBXBuildFile; fileRef = 58AAAD5B009D6666F3821F02 /* Signal.swift */; };
		58AAAF70BEF433B84C1AC0CD /* Protocols.swift in Sources */ = {isa = PBXBuildFile; fileRef = 58AAA69FB6E04728EDC5A525 /* Protocols.swift */; };
		D045FC22221C1A290009BEF6 /* EncryptionHandshakeTests.swift in Sources */ = {isa = PBXBuildFile; fileRef = D045FC21221C1A290009BEF6 /* EncryptionHandshakeTests.swift */; };
		D07C3ED3221ACBDA0081DCD2 /* Capability.swift in Sources */ = {isa = PBXBuildFile; fileRef = D07C3ED2221ACBDA0081DCD2 /* Capability.swift */; };
		D0B13ED9222504A700C7C2CA /* AESCipher.swift in Sources */ = {isa = PBXBuildFile; fileRef = D0B13ED8222504A700C7C2CA /* AESCipher.swift */; };
		D0B13EDB2225350B00C7C2CA /* FrameCodecHelper.swift in Sources */ = {isa = PBXBuildFile; fileRef = D0B13EDA2225350B00C7C2CA /* FrameCodecHelper.swift */; };
		D0B13EDD2225589600C7C2CA /* FrameCodecHelperTests.swift in Sources */ = {isa = PBXBuildFile; fileRef = D0B13EDC2225589600C7C2CA /* FrameCodecHelperTests.swift */; };
		D0B13EE22225609E00C7C2CA /* RandomHelper.swift in Sources */ = {isa = PBXBuildFile; fileRef = D0B13EE12225609E00C7C2CA /* RandomHelper.swift */; };
		D0D75FF42227F160005808FB /* SpvExtensions.swift in Sources */ = {isa = PBXBuildFile; fileRef = D0D75FF32227F160005808FB /* SpvExtensions.swift */; };
		D0DE28CC221168EC00FA428C /* HelloMessage.swift in Sources */ = {isa = PBXBuildFile; fileRef = D0DE28CB221168EC00FA428C /* HelloMessage.swift */; };
		D0DE28D02211691B00FA428C /* StatusMessage.swift in Sources */ = {isa = PBXBuildFile; fileRef = D0DE28CF2211691B00FA428C /* StatusMessage.swift */; };
		D0DE28D32211694E00FA428C /* AuthMessage.swift in Sources */ = {isa = PBXBuildFile; fileRef = D0DE28D22211694E00FA428C /* AuthMessage.swift */; };
		D0DE28D52211695C00FA428C /* AuthAckMessage.swift in Sources */ = {isa = PBXBuildFile; fileRef = D0DE28D42211695C00FA428C /* AuthAckMessage.swift */; };
		D0DE28D7221169A600FA428C /* Frame.swift in Sources */ = {isa = PBXBuildFile; fileRef = D0DE28D6221169A600FA428C /* Frame.swift */; };
		D0DE28D9221169C300FA428C /* FrameCodec.swift in Sources */ = {isa = PBXBuildFile; fileRef = D0DE28D8221169C300FA428C /* FrameCodec.swift */; };
		D0F03E7E22200D6E00E217F5 /* ECIESEngineTests.swift in Sources */ = {isa = PBXBuildFile; fileRef = D0F03E7D22200D6E00E217F5 /* ECIESEngineTests.swift */; };
/* End PBXBuildFile section */

/* Begin PBXContainerItemProxy section */
		3A19DED2216F4422009109F2 /* PBXContainerItemProxy */ = {
			isa = PBXContainerItemProxy;
			containerPortal = 3A3B599B216B1B13001C5E99 /* Project object */;
			proxyType = 1;
			remoteGlobalIDString = 3A3B59A3216B1B13001C5E99;
			remoteInfo = EthereumKit;
		};
/* End PBXContainerItemProxy section */

/* Begin PBXFileReference section */
		11B35074A6F5AB51D13B06BE /* CapabilityHelper.swift */ = {isa = PBXFileReference; fileEncoding = 4; lastKnownFileType = sourcecode.swift; path = CapabilityHelper.swift; sourceTree = "<group>"; };
		11B350977535A5956D227887 /* EthereumKitTests.swift */ = {isa = PBXFileReference; fileEncoding = 4; lastKnownFileType = sourcecode.swift; path = EthereumKitTests.swift; sourceTree = "<group>"; };
		11B351260B945ADB1196EA18 /* PeerGroupTests.swift */ = {isa = PBXFileReference; fileEncoding = 4; lastKnownFileType = sourcecode.swift; path = PeerGroupTests.swift; sourceTree = "<group>"; };
		11B351D958CC3C4A60EEEC9D /* CapabilityHelperTests.swift */ = {isa = PBXFileReference; fileEncoding = 4; lastKnownFileType = sourcecode.swift; path = CapabilityHelperTests.swift; sourceTree = "<group>"; };
		11B35263DF2BF2068B63FC30 /* BlockchainState.swift */ = {isa = PBXFileReference; fileEncoding = 4; lastKnownFileType = sourcecode.swift; path = BlockchainState.swift; sourceTree = "<group>"; };
		11B352BAA4B1636FA6FCDA75 /* TransactionBuilder.swift */ = {isa = PBXFileReference; fileEncoding = 4; lastKnownFileType = sourcecode.swift; path = TransactionBuilder.swift; sourceTree = "<group>"; };
		11B352DAE427B837007007B2 /* TransactionInfo.swift */ = {isa = PBXFileReference; fileEncoding = 4; lastKnownFileType = sourcecode.swift; path = TransactionInfo.swift; sourceTree = "<group>"; };
		11B353E4C00F4D12A5401C6F /* FrameConnection.swift */ = {isa = PBXFileReference; fileEncoding = 4; lastKnownFileType = sourcecode.swift; path = FrameConnection.swift; sourceTree = "<group>"; };
		11B3540116A395366AE6F482 /* TransactionSigner.swift */ = {isa = PBXFileReference; fileEncoding = 4; lastKnownFileType = sourcecode.swift; path = TransactionSigner.swift; sourceTree = "<group>"; };
		11B35434455A2AF945B2BD1B /* LESPeerRequestHolder.swift */ = {isa = PBXFileReference; fileEncoding = 4; lastKnownFileType = sourcecode.swift; path = LESPeerRequestHolder.swift; sourceTree = "<group>"; };
		11B3559A823FD2E479FB53EB /* BlockValidatorTests.swift */ = {isa = PBXFileReference; fileEncoding = 4; lastKnownFileType = sourcecode.swift; path = BlockValidatorTests.swift; sourceTree = "<group>"; };
		11B3563AB847E272EE94FECD /* PeerGroupState.swift */ = {isa = PBXFileReference; fileEncoding = 4; lastKnownFileType = sourcecode.swift; path = PeerGroupState.swift; sourceTree = "<group>"; };
		11B3567B8F9696AA05DFFADE /* EthereumKitState.swift */ = {isa = PBXFileReference; fileEncoding = 4; lastKnownFileType = sourcecode.swift; path = EthereumKitState.swift; sourceTree = "<group>"; };
		11B356EE4167A9EF2D429826 /* BlockHelper.swift */ = {isa = PBXFileReference; fileEncoding = 4; lastKnownFileType = sourcecode.swift; path = BlockHelper.swift; sourceTree = "<group>"; };
		11B3573C09B1BA0CBB48642F /* MainNet.swift */ = {isa = PBXFileReference; fileEncoding = 4; lastKnownFileType = sourcecode.swift; path = MainNet.swift; sourceTree = "<group>"; };
		11B357626B809CC6A964D5B1 /* Logger.swift */ = {isa = PBXFileReference; fileEncoding = 4; lastKnownFileType = sourcecode.swift; path = Logger.swift; sourceTree = "<group>"; };
		11B357A047DE71BAAF7B7429 /* BaseGrdbStorage.swift */ = {isa = PBXFileReference; fileEncoding = 4; lastKnownFileType = sourcecode.swift; path = BaseGrdbStorage.swift; sourceTree = "<group>"; };
		11B35893177645F06E2AE8FB /* NetworkManager.swift */ = {isa = PBXFileReference; fileEncoding = 4; lastKnownFileType = sourcecode.swift; path = NetworkManager.swift; sourceTree = "<group>"; };
		11B358B81C30D5D2AAD8B85C /* BlockValidator.swift */ = {isa = PBXFileReference; fileEncoding = 4; lastKnownFileType = sourcecode.swift; path = BlockValidator.swift; sourceTree = "<group>"; };
		11B359B70EC74CF5E6CFBC0C /* Transaction.swift */ = {isa = PBXFileReference; fileEncoding = 4; lastKnownFileType = sourcecode.swift; path = Transaction.swift; sourceTree = "<group>"; };
		11B359DA0DDE45734AB73E25 /* BlockHeaderRequest.swift */ = {isa = PBXFileReference; fileEncoding = 4; lastKnownFileType = sourcecode.swift; path = BlockHeaderRequest.swift; sourceTree = "<group>"; };
		11B359E71C80BE3229E1688F /* Kovan.swift */ = {isa = PBXFileReference; fileEncoding = 4; lastKnownFileType = sourcecode.swift; path = Kovan.swift; sourceTree = "<group>"; };
		11B359F34D40C2E21B4CD620 /* GeneratedMocks.swift */ = {isa = PBXFileReference; fileEncoding = 4; lastKnownFileType = sourcecode.swift; path = GeneratedMocks.swift; sourceTree = "<group>"; };
		11B359FB55ECFEAC7CAE2A08 /* AddressValidator.swift */ = {isa = PBXFileReference; fileEncoding = 4; lastKnownFileType = sourcecode.swift; path = AddressValidator.swift; sourceTree = "<group>"; };
		11B35A34A00570C3752F1EBC /* DevP2PPeerTests.swift */ = {isa = PBXFileReference; fileEncoding = 4; lastKnownFileType = sourcecode.swift; path = DevP2PPeerTests.swift; sourceTree = "<group>"; };
		11B35C30343C696F41F7EC66 /* PeerProvider.swift */ = {isa = PBXFileReference; fileEncoding = 4; lastKnownFileType = sourcecode.swift; path = PeerProvider.swift; sourceTree = "<group>"; };
		11B35CC13BE2809A1D47FC37 /* DevP2PConnection.swift */ = {isa = PBXFileReference; fileEncoding = 4; lastKnownFileType = sourcecode.swift; path = DevP2PConnection.swift; sourceTree = "<group>"; };
		11B35CF0B3192008B47AAACB /* MaxCost.swift */ = {isa = PBXFileReference; fileEncoding = 4; lastKnownFileType = sourcecode.swift; path = MaxCost.swift; sourceTree = "<group>"; };
		11B35D26672131FDD0A04A33 /* Signature.swift */ = {isa = PBXFileReference; fileEncoding = 4; lastKnownFileType = sourcecode.swift; path = Signature.swift; sourceTree = "<group>"; };
		11B35EF3E13F7755732C2765 /* EthereumBalance.swift */ = {isa = PBXFileReference; fileEncoding = 4; lastKnownFileType = sourcecode.swift; path = EthereumBalance.swift; sourceTree = "<group>"; };
		11B35FF015ED96B91156834F /* AccountStateRequest.swift */ = {isa = PBXFileReference; fileEncoding = 4; lastKnownFileType = sourcecode.swift; path = AccountStateRequest.swift; sourceTree = "<group>"; };
		11B35FFC4D818569376084A3 /* LESPeerTests.swift */ = {isa = PBXFileReference; fileEncoding = 4; lastKnownFileType = sourcecode.swift; path = LESPeerTests.swift; sourceTree = "<group>"; };
		190E8D23769852AD1E363E87 /* Pods-EthereumKitTests.release.xcconfig */ = {isa = PBXFileReference; includeInIndex = 1; lastKnownFileType = text.xcconfig; name = "Pods-EthereumKitTests.release.xcconfig"; path = "Target Support Files/Pods-EthereumKitTests/Pods-EthereumKitTests.release.xcconfig"; sourceTree = "<group>"; };
		1C9F117BCBA4A7121478DF3B /* Pods_EthereumKit.framework */ = {isa = PBXFileReference; explicitFileType = wrapper.framework; includeInIndex = 0; path = Pods_EthereumKit.framework; sourceTree = BUILT_PRODUCTS_DIR; };
		2FA5D05F4E0D54E432282958 /* Ropsten.swift */ = {isa = PBXFileReference; fileEncoding = 4; lastKnownFileType = sourcecode.swift; path = Ropsten.swift; sourceTree = "<group>"; };
		2FA5D0D97F06D9C1E3456A9A /* InfuraApiProvider.swift */ = {isa = PBXFileReference; fileEncoding = 4; lastKnownFileType = sourcecode.swift; path = InfuraApiProvider.swift; sourceTree = "<group>"; };
		2FA5D1166DD8433574C3A3CF /* FrameCodecTests.swift */ = {isa = PBXFileReference; fileEncoding = 4; lastKnownFileType = sourcecode.swift; path = FrameCodecTests.swift; sourceTree = "<group>"; };
		2FA5D13230B8A0C65D36EB88 /* Extensions.swift */ = {isa = PBXFileReference; fileEncoding = 4; lastKnownFileType = sourcecode.swift; path = Extensions.swift; sourceTree = "<group>"; };
		2FA5D197843DCF8B688B94E0 /* EthereumKit.swift */ = {isa = PBXFileReference; fileEncoding = 4; lastKnownFileType = sourcecode.swift; path = EthereumKit.swift; sourceTree = "<group>"; };
		2FA5D1A1BCF7A1371F2685D0 /* PongMessage.swift */ = {isa = PBXFileReference; fileEncoding = 4; lastKnownFileType = sourcecode.swift; path = PongMessage.swift; sourceTree = "<group>"; };
		2FA5D2429CE23A0646E3FB09 /* ApiGrdbStorage.swift */ = {isa = PBXFileReference; fileEncoding = 4; lastKnownFileType = sourcecode.swift; path = ApiGrdbStorage.swift; sourceTree = "<group>"; };
		2FA5D2551DD1A31FAE14B658 /* ECPoint.swift */ = {isa = PBXFileReference; fileEncoding = 4; lastKnownFileType = sourcecode.swift; path = ECPoint.swift; sourceTree = "<group>"; };
		2FA5D29D612226755149F63A /* GetTransactionStatusMessage.swift */ = {isa = PBXFileReference; fileEncoding = 4; lastKnownFileType = sourcecode.swift; path = GetTransactionStatusMessage.swift; sourceTree = "<group>"; };
		2FA5D2E6FEDE5D76D548F452 /* RLPElement.swift */ = {isa = PBXFileReference; fileEncoding = 4; lastKnownFileType = sourcecode.swift; path = RLPElement.swift; sourceTree = "<group>"; };
		2FA5D30AFD6BC28319FEC691 /* ApiProtocols.swift */ = {isa = PBXFileReference; fileEncoding = 4; lastKnownFileType = sourcecode.swift; path = ApiProtocols.swift; sourceTree = "<group>"; };
		2FA5D43B0294D36092C1A91B /* GetLogsRequest.swift */ = {isa = PBXFileReference; fileEncoding = 4; lastKnownFileType = sourcecode.swift; path = GetLogsRequest.swift; sourceTree = "<group>"; };
		2FA5D4591B4CF6B06A977FA7 /* GetBlockBodiesMessage.swift */ = {isa = PBXFileReference; fileEncoding = 4; lastKnownFileType = sourcecode.swift; path = GetBlockBodiesMessage.swift; sourceTree = "<group>"; };
		2FA5D4911004F5FDA3416211 /* GetProofsMessage.swift */ = {isa = PBXFileReference; fileEncoding = 4; lastKnownFileType = sourcecode.swift; path = GetProofsMessage.swift; sourceTree = "<group>"; };
		2FA5D51BD89CC6356F1E6138 /* Node.swift */ = {isa = PBXFileReference; fileEncoding = 4; lastKnownFileType = sourcecode.swift; path = Node.swift; sourceTree = "<group>"; };
		2FA5D541908FBA863AE47DAF /* BlockHeader.swift */ = {isa = PBXFileReference; fileEncoding = 4; lastKnownFileType = sourcecode.swift; path = BlockHeader.swift; sourceTree = "<group>"; };
		2FA5D54BE325711ECA0B71FD /* SpvBlockchain.swift */ = {isa = PBXFileReference; fileEncoding = 4; lastKnownFileType = sourcecode.swift; path = SpvBlockchain.swift; sourceTree = "<group>"; };
		2FA5D5A69DC77DC29BA1D6E7 /* SpvProtocols.swift */ = {isa = PBXFileReference; fileEncoding = 4; lastKnownFileType = sourcecode.swift; path = SpvProtocols.swift; sourceTree = "<group>"; };
		2FA5D5ABAD0B3E9783140405 /* BlockHeadersMessage.swift */ = {isa = PBXFileReference; fileEncoding = 4; lastKnownFileType = sourcecode.swift; path = BlockHeadersMessage.swift; sourceTree = "<group>"; };
		2FA5D61CAFCADEA2F1F40AFB /* GetStorageAtResponse.swift */ = {isa = PBXFileReference; fileEncoding = 4; lastKnownFileType = sourcecode.swift; path = GetStorageAtResponse.swift; sourceTree = "<group>"; };
		2FA5D6454854EFD2E01F7A29 /* Block.swift */ = {isa = PBXFileReference; fileEncoding = 4; lastKnownFileType = sourcecode.swift; path = Block.swift; sourceTree = "<group>"; };
		2FA5D6B64B8F5DB8A96B5764 /* PingMessage.swift */ = {isa = PBXFileReference; fileEncoding = 4; lastKnownFileType = sourcecode.swift; path = PingMessage.swift; sourceTree = "<group>"; };
		2FA5D6C74AC5D8A2458504FB /* GetHelperTrieProofsMessage.swift */ = {isa = PBXFileReference; fileEncoding = 4; lastKnownFileType = sourcecode.swift; path = GetHelperTrieProofsMessage.swift; sourceTree = "<group>"; };
		2FA5D6E9922D9BFE332F795F /* AnnounceMessage.swift */ = {isa = PBXFileReference; fileEncoding = 4; lastKnownFileType = sourcecode.swift; path = AnnounceMessage.swift; sourceTree = "<group>"; };
		2FA5D70F6465DF3197A7D16B /* ProofsMessage.swift */ = {isa = PBXFileReference; fileEncoding = 4; lastKnownFileType = sourcecode.swift; path = ProofsMessage.swift; sourceTree = "<group>"; };
		2FA5D7631B05C28AD14CB208 /* TrieNode.swift */ = {isa = PBXFileReference; fileEncoding = 4; lastKnownFileType = sourcecode.swift; path = TrieNode.swift; sourceTree = "<group>"; };
		2FA5D7ED1B21F1AE8C82AA19 /* MessageDecodeError.swift */ = {isa = PBXFileReference; fileEncoding = 4; lastKnownFileType = sourcecode.swift; path = MessageDecodeError.swift; sourceTree = "<group>"; };
		2FA5D83153C7DAF54FFDAC69 /* ECIESEngine.swift */ = {isa = PBXFileReference; fileEncoding = 4; lastKnownFileType = sourcecode.swift; path = ECIESEngine.swift; sourceTree = "<group>"; };
		2FA5D8679E66C5E8E2DA15AB /* ECKey.swift */ = {isa = PBXFileReference; fileEncoding = 4; lastKnownFileType = sourcecode.swift; path = ECKey.swift; sourceTree = "<group>"; };
		2FA5D86EB23FA5FAC1F8D980 /* Secrets.swift */ = {isa = PBXFileReference; fileEncoding = 4; lastKnownFileType = sourcecode.swift; path = Secrets.swift; sourceTree = "<group>"; };
		2FA5D88BE41ABC60461623B4 /* EthereumLog.swift */ = {isa = PBXFileReference; fileEncoding = 4; lastKnownFileType = sourcecode.swift; path = EthereumLog.swift; sourceTree = "<group>"; };
		2FA5D9184B03056A0AA6A81C /* GetReceiptsMessage.swift */ = {isa = PBXFileReference; fileEncoding = 4; lastKnownFileType = sourcecode.swift; path = GetReceiptsMessage.swift; sourceTree = "<group>"; };
		2FA5D934DC75ADCB54EAC6AE /* SpvGrdbStorage.swift */ = {isa = PBXFileReference; fileEncoding = 4; lastKnownFileType = sourcecode.swift; path = SpvGrdbStorage.swift; sourceTree = "<group>"; };
		2FA5D954B771889521CE2999 /* CryptoUtils.swift */ = {isa = PBXFileReference; fileEncoding = 4; lastKnownFileType = sourcecode.swift; path = CryptoUtils.swift; sourceTree = "<group>"; };
		2FA5D9EB4FC06116CAF83E63 /* HelperTrieProofsMessage.swift */ = {isa = PBXFileReference; fileEncoding = 4; lastKnownFileType = sourcecode.swift; path = HelperTrieProofsMessage.swift; sourceTree = "<group>"; };
		2FA5DA26D089CBF43D12F074 /* ContractCodesMessage.swift */ = {isa = PBXFileReference; fileEncoding = 4; lastKnownFileType = sourcecode.swift; path = ContractCodesMessage.swift; sourceTree = "<group>"; };
		2FA5DAE3530F7B1EB580DD6F /* ReceiptsMessage.swift */ = {isa = PBXFileReference; fileEncoding = 4; lastKnownFileType = sourcecode.swift; path = ReceiptsMessage.swift; sourceTree = "<group>"; };
		2FA5DB020DCF129D22579F81 /* Connection.swift */ = {isa = PBXFileReference; fileEncoding = 4; lastKnownFileType = sourcecode.swift; path = Connection.swift; sourceTree = "<group>"; };
		2FA5DB26884D3DD6B0348F7A /* GetContractCodesMessage.swift */ = {isa = PBXFileReference; fileEncoding = 4; lastKnownFileType = sourcecode.swift; path = GetContractCodesMessage.swift; sourceTree = "<group>"; };
		2FA5DB45240D5ABA8611298A /* LESPeer.swift */ = {isa = PBXFileReference; fileEncoding = 4; lastKnownFileType = sourcecode.swift; path = LESPeer.swift; sourceTree = "<group>"; };
		2FA5DB6A93C818473E5758F3 /* ECIESEncryptedMessage.swift */ = {isa = PBXFileReference; fileEncoding = 4; lastKnownFileType = sourcecode.swift; path = ECIESEncryptedMessage.swift; sourceTree = "<group>"; };
		2FA5DB7ECB5A111AABF95774 /* TransactionStatusMessage.swift */ = {isa = PBXFileReference; fileEncoding = 4; lastKnownFileType = sourcecode.swift; path = TransactionStatusMessage.swift; sourceTree = "<group>"; };
		2FA5DBCC12984369F14F3168 /* SendTransactionMessage.swift */ = {isa = PBXFileReference; fileEncoding = 4; lastKnownFileType = sourcecode.swift; path = SendTransactionMessage.swift; sourceTree = "<group>"; };
		2FA5DC4BD52779213E1952A6 /* PeerGroup.swift */ = {isa = PBXFileReference; fileEncoding = 4; lastKnownFileType = sourcecode.swift; path = PeerGroup.swift; sourceTree = "<group>"; };
		2FA5DCAC6245499C2C11A0E2 /* ApiBlockchain.swift */ = {isa = PBXFileReference; fileEncoding = 4; lastKnownFileType = sourcecode.swift; path = ApiBlockchain.swift; sourceTree = "<group>"; };
		2FA5DCC0AFBA020ACA143172 /* GetStorageAtRequest.swift */ = {isa = PBXFileReference; fileEncoding = 4; lastKnownFileType = sourcecode.swift; path = GetStorageAtRequest.swift; sourceTree = "<group>"; };
		2FA5DCDC57214CB4735AC6D7 /* GetBlockHeadersMessage.swift */ = {isa = PBXFileReference; fileEncoding = 4; lastKnownFileType = sourcecode.swift; path = GetBlockHeadersMessage.swift; sourceTree = "<group>"; };
		2FA5DD7404B8066A334ECB61 /* DisconnectMessage.swift */ = {isa = PBXFileReference; fileEncoding = 4; lastKnownFileType = sourcecode.swift; path = DisconnectMessage.swift; sourceTree = "<group>"; };
		2FA5DD8CB36A6B69D3C60578 /* FrameHandlerTests.swift */ = {isa = PBXFileReference; fileEncoding = 4; lastKnownFileType = sourcecode.swift; path = FrameHandlerTests.swift; sourceTree = "<group>"; };
		2FA5DDD05F4A81A1BF3AC641 /* GetLogsResponse.swift */ = {isa = PBXFileReference; fileEncoding = 4; lastKnownFileType = sourcecode.swift; path = GetLogsResponse.swift; sourceTree = "<group>"; };
		2FA5DE6BB6E11DFF4999703A /* EtherscanApiProvider.swift */ = {isa = PBXFileReference; fileEncoding = 4; lastKnownFileType = sourcecode.swift; path = EtherscanApiProvider.swift; sourceTree = "<group>"; };
		2FA5DE7DC417CD1AFC180818 /* AccountState.swift */ = {isa = PBXFileReference; fileEncoding = 4; lastKnownFileType = sourcecode.swift; path = AccountState.swift; sourceTree = "<group>"; };
		2FA5DE89EC708FF1389B1AD8 /* Factory.swift */ = {isa = PBXFileReference; fileEncoding = 4; lastKnownFileType = sourcecode.swift; path = Factory.swift; sourceTree = "<group>"; };
		2FA5DF7C44A0AC245CB295B8 /* DevP2PPeer.swift */ = {isa = PBXFileReference; fileEncoding = 4; lastKnownFileType = sourcecode.swift; path = DevP2PPeer.swift; sourceTree = "<group>"; };
		2FA5DFB30D819EF531C3398E /* EncryptionHandshake.swift */ = {isa = PBXFileReference; fileEncoding = 4; lastKnownFileType = sourcecode.swift; path = EncryptionHandshake.swift; sourceTree = "<group>"; };
		2FA5DFD6642B66D378E6C92F /* BlockBodiesMessage.swift */ = {isa = PBXFileReference; fileEncoding = 4; lastKnownFileType = sourcecode.swift; path = BlockBodiesMessage.swift; sourceTree = "<group>"; };
		3A19DECC216F4422009109F2 /* EthereumKitTests.xctest */ = {isa = PBXFileReference; explicitFileType = wrapper.cfbundle; includeInIndex = 0; path = EthereumKitTests.xctest; sourceTree = BUILT_PRODUCTS_DIR; };
		3A19DED0216F4422009109F2 /* Info.plist */ = {isa = PBXFileReference; lastKnownFileType = text.plist.info; path = Info.plist; sourceTree = "<group>"; };
		3A38F9A6216B78EE00A764EB /* RLP.swift */ = {isa = PBXFileReference; fileEncoding = 4; lastKnownFileType = sourcecode.swift; path = RLP.swift; sourceTree = "<group>"; };
		3A38F9AD216B78EE00A764EB /* EIP55.swift */ = {isa = PBXFileReference; fileEncoding = 4; lastKnownFileType = sourcecode.swift; path = EIP55.swift; sourceTree = "<group>"; };
		3A38F9B6216B78EE00A764EB /* RawTransaction.swift */ = {isa = PBXFileReference; fileEncoding = 4; lastKnownFileType = sourcecode.swift; path = RawTransaction.swift; sourceTree = "<group>"; };
		3A3B59A4216B1B13001C5E99 /* EthereumKit.framework */ = {isa = PBXFileReference; explicitFileType = wrapper.framework; includeInIndex = 0; path = EthereumKit.framework; sourceTree = BUILT_PRODUCTS_DIR; };
		3A3B59A7216B1B13001C5E99 /* EthereumKit.h */ = {isa = PBXFileReference; lastKnownFileType = sourcecode.c.h; path = EthereumKit.h; sourceTree = "<group>"; };
		3A3B59A8216B1B13001C5E99 /* Info.plist */ = {isa = PBXFileReference; lastKnownFileType = text.plist.info; path = Info.plist; sourceTree = "<group>"; };
		3C7B927263342DD6964CFE2F /* EIP55Tests.swift */ = {isa = PBXFileReference; fileEncoding = 4; lastKnownFileType = sourcecode.swift; path = EIP55Tests.swift; sourceTree = "<group>"; };
		3F05A0499B3B9EDC904E9325 /* Pods-EthereumKit.debug.xcconfig */ = {isa = PBXFileReference; includeInIndex = 1; lastKnownFileType = text.xcconfig; name = "Pods-EthereumKit.debug.xcconfig"; path = "Target Support Files/Pods-EthereumKit/Pods-EthereumKit.debug.xcconfig"; sourceTree = "<group>"; };
		58AAA0F77F10D6C404DFCD55 /* ReachabilityManager.swift */ = {isa = PBXFileReference; fileEncoding = 4; lastKnownFileType = sourcecode.swift; path = ReachabilityManager.swift; sourceTree = "<group>"; };
		58AAA4CC1551836BE97FA9EA /* AddressValidatorTests.swift */ = {isa = PBXFileReference; fileEncoding = 4; lastKnownFileType = sourcecode.swift; path = AddressValidatorTests.swift; sourceTree = "<group>"; };
		58AAA69FB6E04728EDC5A525 /* Protocols.swift */ = {isa = PBXFileReference; fileEncoding = 4; lastKnownFileType = sourcecode.swift; path = Protocols.swift; sourceTree = "<group>"; };
		58AAAD5B009D6666F3821F02 /* Signal.swift */ = {isa = PBXFileReference; fileEncoding = 4; lastKnownFileType = sourcecode.swift; path = Signal.swift; sourceTree = "<group>"; };
		58AAAE7DC330A2628E515477 /* Extensions.swift */ = {isa = PBXFileReference; fileEncoding = 4; lastKnownFileType = sourcecode.swift; path = Extensions.swift; sourceTree = "<group>"; };
		596741140BF72953EA371834 /* Pods_EthereumKitTests.framework */ = {isa = PBXFileReference; explicitFileType = wrapper.framework; includeInIndex = 0; path = Pods_EthereumKitTests.framework; sourceTree = BUILT_PRODUCTS_DIR; };
		D045FC21221C1A290009BEF6 /* EncryptionHandshakeTests.swift */ = {isa = PBXFileReference; lastKnownFileType = sourcecode.swift; path = EncryptionHandshakeTests.swift; sourceTree = "<group>"; };
		D07C3ED2221ACBDA0081DCD2 /* Capability.swift */ = {isa = PBXFileReference; lastKnownFileType = sourcecode.swift; path = Capability.swift; sourceTree = "<group>"; };
		D0B13ED8222504A700C7C2CA /* AESCipher.swift */ = {isa = PBXFileReference; lastKnownFileType = sourcecode.swift; path = AESCipher.swift; sourceTree = "<group>"; };
		D0B13EDA2225350B00C7C2CA /* FrameCodecHelper.swift */ = {isa = PBXFileReference; lastKnownFileType = sourcecode.swift; path = FrameCodecHelper.swift; sourceTree = "<group>"; };
		D0B13EDC2225589600C7C2CA /* FrameCodecHelperTests.swift */ = {isa = PBXFileReference; lastKnownFileType = sourcecode.swift; path = FrameCodecHelperTests.swift; sourceTree = "<group>"; };
		D0B13EE12225609E00C7C2CA /* RandomHelper.swift */ = {isa = PBXFileReference; lastKnownFileType = sourcecode.swift; path = RandomHelper.swift; sourceTree = "<group>"; };
		D0D75FF32227F160005808FB /* SpvExtensions.swift */ = {isa = PBXFileReference; lastKnownFileType = sourcecode.swift; path = SpvExtensions.swift; sourceTree = "<group>"; };
		D0DE28CB221168EC00FA428C /* HelloMessage.swift */ = {isa = PBXFileReference; lastKnownFileType = sourcecode.swift; path = HelloMessage.swift; sourceTree = "<group>"; };
		D0DE28CF2211691B00FA428C /* StatusMessage.swift */ = {isa = PBXFileReference; lastKnownFileType = sourcecode.swift; path = StatusMessage.swift; sourceTree = "<group>"; };
		D0DE28D22211694E00FA428C /* AuthMessage.swift */ = {isa = PBXFileReference; lastKnownFileType = sourcecode.swift; path = AuthMessage.swift; sourceTree = "<group>"; };
		D0DE28D42211695C00FA428C /* AuthAckMessage.swift */ = {isa = PBXFileReference; lastKnownFileType = sourcecode.swift; path = AuthAckMessage.swift; sourceTree = "<group>"; };
		D0DE28D6221169A600FA428C /* Frame.swift */ = {isa = PBXFileReference; lastKnownFileType = sourcecode.swift; path = Frame.swift; sourceTree = "<group>"; };
		D0DE28D8221169C300FA428C /* FrameCodec.swift */ = {isa = PBXFileReference; lastKnownFileType = sourcecode.swift; path = FrameCodec.swift; sourceTree = "<group>"; };
		D0F03E7D22200D6E00E217F5 /* ECIESEngineTests.swift */ = {isa = PBXFileReference; lastKnownFileType = sourcecode.swift; path = ECIESEngineTests.swift; sourceTree = "<group>"; };
		DFBFC6193427F99F18CE092A /* Pods-EthereumKitTests.debug.xcconfig */ = {isa = PBXFileReference; includeInIndex = 1; lastKnownFileType = text.xcconfig; name = "Pods-EthereumKitTests.debug.xcconfig"; path = "Target Support Files/Pods-EthereumKitTests/Pods-EthereumKitTests.debug.xcconfig"; sourceTree = "<group>"; };
		FE8DB0116D8143559148EFB6 /* Pods-EthereumKit.release.xcconfig */ = {isa = PBXFileReference; includeInIndex = 1; lastKnownFileType = text.xcconfig; name = "Pods-EthereumKit.release.xcconfig"; path = "Target Support Files/Pods-EthereumKit/Pods-EthereumKit.release.xcconfig"; sourceTree = "<group>"; };
/* End PBXFileReference section */

/* Begin PBXFrameworksBuildPhase section */
		3A19DEC9216F4422009109F2 /* Frameworks */ = {
			isa = PBXFrameworksBuildPhase;
			buildActionMask = 2147483647;
			files = (
				3A19DED1216F4422009109F2 /* EthereumKit.framework in Frameworks */,
				3730EE5D27877594F8BB27BE /* Pods_EthereumKitTests.framework in Frameworks */,
			);
			runOnlyForDeploymentPostprocessing = 0;
		};
		3A3B59A1216B1B13001C5E99 /* Frameworks */ = {
			isa = PBXFrameworksBuildPhase;
			buildActionMask = 2147483647;
			files = (
				2BF25F8F9F09855FF45ED54A /* Pods_EthereumKit.framework in Frameworks */,
			);
			runOnlyForDeploymentPostprocessing = 0;
		};
/* End PBXFrameworksBuildPhase section */

/* Begin PBXGroup section */
		11B3526164D70BCFA52E80FF /* Core */ = {
			isa = PBXGroup;
			children = (
				11B350977535A5956D227887 /* EthereumKitTests.swift */,
			);
			path = Core;
			sourceTree = "<group>";
		};
		11B35271E5C2B71CBB39EF34 /* Models */ = {
			isa = PBXGroup;
			children = (
				11B35263DF2BF2068B63FC30 /* BlockchainState.swift */,
				11B35EF3E13F7755732C2765 /* EthereumBalance.swift */,
			);
			path = Models;
			sourceTree = "<group>";
		};
		11B3542B026C4CAD22038F3A /* Requests */ = {
			isa = PBXGroup;
			children = (
				11B359DA0DDE45734AB73E25 /* BlockHeaderRequest.swift */,
				11B35FF015ED96B91156834F /* AccountStateRequest.swift */,
			);
			path = Requests;
			sourceTree = "<group>";
		};
		11B358D909B2539577DCF7E9 /* Api */ = {
			isa = PBXGroup;
			children = (
				11B35271E5C2B71CBB39EF34 /* Models */,
				2FA5D47A79A46E66BC4CE93A /* Core */,
			);
			path = Api;
			sourceTree = "<group>";
		};
		11B35F4F299FD99CFF8E479E /* DevP2P */ = {
			isa = PBXGroup;
			children = (
				11B35A34A00570C3752F1EBC /* DevP2PPeerTests.swift */,
				11B351D958CC3C4A60EEEC9D /* CapabilityHelperTests.swift */,
			);
			path = DevP2P;
			sourceTree = "<group>";
		};
		11B35F50E72AC9C4CF5AFADD /* LES */ = {
			isa = PBXGroup;
			children = (
				11B35FFC4D818569376084A3 /* LESPeerTests.swift */,
			);
			path = LES;
			sourceTree = "<group>";
		};
		2FA5D47A79A46E66BC4CE93A /* Core */ = {
			isa = PBXGroup;
			children = (
				2FA5DCAC6245499C2C11A0E2 /* ApiBlockchain.swift */,
				2FA5D0D97F06D9C1E3456A9A /* InfuraApiProvider.swift */,
				2FA5D30AFD6BC28319FEC691 /* ApiProtocols.swift */,
				2FA5D2429CE23A0646E3FB09 /* ApiGrdbStorage.swift */,
			);
			path = Core;
			sourceTree = "<group>";
		};
		2FA5DC2095A0043EB52CD7E1 /* Messages */ = {
			isa = PBXGroup;
			children = (
				2FA5D43B0294D36092C1A91B /* GetLogsRequest.swift */,
				2FA5DDD05F4A81A1BF3AC641 /* GetLogsResponse.swift */,
				2FA5DCC0AFBA020ACA143172 /* GetStorageAtRequest.swift */,
				2FA5D61CAFCADEA2F1F40AFB /* GetStorageAtResponse.swift */,
			);
			path = Messages;
			sourceTree = "<group>";
		};
		3A19DECD216F4422009109F2 /* EthereumKitTests */ = {
			isa = PBXGroup;
			children = (
				D0F03E7B22200D5100E217F5 /* Spv */,
				11B3526164D70BCFA52E80FF /* Core */,
				3A19DED8216F455A009109F2 /* Helpers */,
				11B359F34D40C2E21B4CD620 /* GeneratedMocks.swift */,
				3A19DED0216F4422009109F2 /* Info.plist */,
				2FA5D13230B8A0C65D36EB88 /* Extensions.swift */,
			);
			path = EthereumKitTests;
			sourceTree = "<group>";
		};
		3A19DED8216F455A009109F2 /* Helpers */ = {
			isa = PBXGroup;
			children = (
				58AAA4CC1551836BE97FA9EA /* AddressValidatorTests.swift */,
				3C7B927263342DD6964CFE2F /* EIP55Tests.swift */,
			);
			path = Helpers;
			sourceTree = "<group>";
		};
		3A38F9A4216B78EE00A764EB /* Helper */ = {
			isa = PBXGroup;
			children = (
				3A38F9AD216B78EE00A764EB /* EIP55.swift */,
				3A38F9A6216B78EE00A764EB /* RLP.swift */,
				2FA5D2E6FEDE5D76D548F452 /* RLPElement.swift */,
			);
			path = Helper;
			sourceTree = "<group>";
		};
		3A3B599A216B1B13001C5E99 = {
			isa = PBXGroup;
			children = (
				3A3B59A6216B1B13001C5E99 /* EthereumKit */,
				3A19DECD216F4422009109F2 /* EthereumKitTests */,
				3A3B59A5216B1B13001C5E99 /* Products */,
				771194D7AFB450EC1E50D267 /* Frameworks */,
				EC5AF4D0EC104F8C7659A494 /* Pods */,
			);
			sourceTree = "<group>";
		};
		3A3B59A5216B1B13001C5E99 /* Products */ = {
			isa = PBXGroup;
			children = (
				3A3B59A4216B1B13001C5E99 /* EthereumKit.framework */,
				3A19DECC216F4422009109F2 /* EthereumKitTests.xctest */,
			);
			name = Products;
			sourceTree = "<group>";
		};
		3A3B59A6216B1B13001C5E99 /* EthereumKit */ = {
			isa = PBXGroup;
			children = (
				11B358D909B2539577DCF7E9 /* Api */,
				58AAAD1D445002A6D96D90DA /* Core */,
				3A38F9A4216B78EE00A764EB /* Helper */,
				58AAAAEDBCD0E5DDE0F7E9D4 /* Managers */,
				58AAAD0293AB2F9E1C035A26 /* Models */,
				D0CC3B7321F97535006C0FF9 /* Spv */,
				3A3B59A7216B1B13001C5E99 /* EthereumKit.h */,
				3A3B59A8216B1B13001C5E99 /* Info.plist */,
				2FA5DC2095A0043EB52CD7E1 /* Messages */,
			);
			path = EthereumKit;
			sourceTree = "<group>";
		};
		58AAAAEDBCD0E5DDE0F7E9D4 /* Managers */ = {
			isa = PBXGroup;
			children = (
				58AAA0F77F10D6C404DFCD55 /* ReachabilityManager.swift */,
				11B35893177645F06E2AE8FB /* NetworkManager.swift */,
			);
			path = Managers;
			sourceTree = "<group>";
		};
		58AAAD0293AB2F9E1C035A26 /* Models */ = {
			isa = PBXGroup;
			children = (
				11B359B70EC74CF5E6CFBC0C /* Transaction.swift */,
				11B352DAE427B837007007B2 /* TransactionInfo.swift */,
				3A38F9B6216B78EE00A764EB /* RawTransaction.swift */,
				2FA5D88BE41ABC60461623B4 /* EthereumLog.swift */,
				2FA5D6454854EFD2E01F7A29 /* Block.swift */,
			);
			path = Models;
			sourceTree = "<group>";
		};
		58AAAD1D445002A6D96D90DA /* Core */ = {
			isa = PBXGroup;
			children = (
				11B3567B8F9696AA05DFFADE /* EthereumKitState.swift */,
				58AAAE7DC330A2628E515477 /* Extensions.swift */,
				58AAA69FB6E04728EDC5A525 /* Protocols.swift */,
				58AAAD5B009D6666F3821F02 /* Signal.swift */,
				11B357626B809CC6A964D5B1 /* Logger.swift */,
				11B359FB55ECFEAC7CAE2A08 /* AddressValidator.swift */,
				11B3540116A395366AE6F482 /* TransactionSigner.swift */,
				11B352BAA4B1636FA6FCDA75 /* TransactionBuilder.swift */,
				11B35D26672131FDD0A04A33 /* Signature.swift */,
				11B357A047DE71BAAF7B7429 /* BaseGrdbStorage.swift */,
				2FA5D197843DCF8B688B94E0 /* EthereumKit.swift */,
				2FA5DE6BB6E11DFF4999703A /* EtherscanApiProvider.swift */,
			);
			path = Core;
			sourceTree = "<group>";
		};
		771194D7AFB450EC1E50D267 /* Frameworks */ = {
			isa = PBXGroup;
			children = (
				1C9F117BCBA4A7121478DF3B /* Pods_EthereumKit.framework */,
				596741140BF72953EA371834 /* Pods_EthereumKitTests.framework */,
			);
			name = Frameworks;
			sourceTree = "<group>";
		};
		D02934432213E1A000ED63C6 /* Connection */ = {
			isa = PBXGroup;
			children = (
				D07C3ED4221BCC7C0081DCD2 /* Messages */,
				2FA5DB020DCF129D22579F81 /* Connection.swift */,
				2FA5DFB30D819EF531C3398E /* EncryptionHandshake.swift */,
				D0DE28D6221169A600FA428C /* Frame.swift */,
				D0DE28D8221169C300FA428C /* FrameCodec.swift */,
				D0B13EDA2225350B00C7C2CA /* FrameCodecHelper.swift */,
				2FA5D86EB23FA5FAC1F8D980 /* Secrets.swift */,
				2FA5D7ED1B21F1AE8C82AA19 /* MessageDecodeError.swift */,
				11B353E4C00F4D12A5401C6F /* FrameConnection.swift */,
			);
			path = Connection;
			sourceTree = "<group>";
		};
		D045FC1F221C19DB0009BEF6 /* Net */ = {
			isa = PBXGroup;
			children = (
				D045FC20221C19F20009BEF6 /* Connection */,
				11B35F4F299FD99CFF8E479E /* DevP2P */,
				11B35F50E72AC9C4CF5AFADD /* LES */,
				11B351260B945ADB1196EA18 /* PeerGroupTests.swift */,
				11B3559A823FD2E479FB53EB /* BlockValidatorTests.swift */,
			);
			path = Net;
			sourceTree = "<group>";
		};
		D045FC20221C19F20009BEF6 /* Connection */ = {
			isa = PBXGroup;
			children = (
				D045FC21221C1A290009BEF6 /* EncryptionHandshakeTests.swift */,
				2FA5D1166DD8433574C3A3CF /* FrameCodecTests.swift */,
				D0B13EDC2225589600C7C2CA /* FrameCodecHelperTests.swift */,
				2FA5DD8CB36A6B69D3C60578 /* FrameHandlerTests.swift */,
			);
			path = Connection;
			sourceTree = "<group>";
		};
		D05FFB7D221D5F1A00A85000 /* Models */ = {
			isa = PBXGroup;
			children = (
				2FA5DE7DC417CD1AFC180818 /* AccountState.swift */,
				2FA5D541908FBA863AE47DAF /* BlockHeader.swift */,
			);
			path = Models;
			sourceTree = "<group>";
		};
		D07C3ECF221ACAA60081DCD2 /* DevP2P */ = {
			isa = PBXGroup;
			children = (
				D07C3ED0221ACAC80081DCD2 /* Messages */,
				D07C3ED2221ACBDA0081DCD2 /* Capability.swift */,
				2FA5DF7C44A0AC245CB295B8 /* DevP2PPeer.swift */,
				11B35CC13BE2809A1D47FC37 /* DevP2PConnection.swift */,
				11B35074A6F5AB51D13B06BE /* CapabilityHelper.swift */,
			);
			path = DevP2P;
			sourceTree = "<group>";
		};
		D07C3ED0221ACAC80081DCD2 /* Messages */ = {
			isa = PBXGroup;
			children = (
				D0DE28CB221168EC00FA428C /* HelloMessage.swift */,
				2FA5D6B64B8F5DB8A96B5764 /* PingMessage.swift */,
				2FA5D1A1BCF7A1371F2685D0 /* PongMessage.swift */,
				2FA5DD7404B8066A334ECB61 /* DisconnectMessage.swift */,
			);
			path = Messages;
			sourceTree = "<group>";
		};
		D07C3ED1221ACADA0081DCD2 /* LES */ = {
			isa = PBXGroup;
			children = (
				D0DE28D12211693800FA428C /* Messages */,
				11B3542B026C4CAD22038F3A /* Requests */,
				2FA5DB45240D5ABA8611298A /* LESPeer.swift */,
				2FA5D7631B05C28AD14CB208 /* TrieNode.swift */,
				11B35434455A2AF945B2BD1B /* LESPeerRequestHolder.swift */,
				11B35CF0B3192008B47AAACB /* MaxCost.swift */,
			);
			path = LES;
			sourceTree = "<group>";
		};
		D07C3ED4221BCC7C0081DCD2 /* Messages */ = {
			isa = PBXGroup;
			children = (
				D0DE28D22211694E00FA428C /* AuthMessage.swift */,
				D0DE28D42211695C00FA428C /* AuthAckMessage.swift */,
			);
			path = Messages;
			sourceTree = "<group>";
		};
		D08D5BDE21F9810A00E5424D /* Net */ = {
			isa = PBXGroup;
			children = (
				D02934432213E1A000ED63C6 /* Connection */,
				D07C3ECF221ACAA60081DCD2 /* DevP2P */,
				D07C3ED1221ACADA0081DCD2 /* LES */,
				2FA5DC4BD52779213E1952A6 /* PeerGroup.swift */,
				2FA5D05F4E0D54E432282958 /* Ropsten.swift */,
				2FA5D51BD89CC6356F1E6138 /* Node.swift */,
				11B35C30343C696F41F7EC66 /* PeerProvider.swift */,
				11B3563AB847E272EE94FECD /* PeerGroupState.swift */,
				11B358B81C30D5D2AAD8B85C /* BlockValidator.swift */,
				11B356EE4167A9EF2D429826 /* BlockHelper.swift */,
				11B359E71C80BE3229E1688F /* Kovan.swift */,
				11B3573C09B1BA0CBB48642F /* MainNet.swift */,
			);
			path = Net;
			sourceTree = "<group>";
		};
		D08D5BE721FB19B900E5424D /* Crypto */ = {
			isa = PBXGroup;
			children = (
				D0B13ED8222504A700C7C2CA /* AESCipher.swift */,
				2FA5D954B771889521CE2999 /* CryptoUtils.swift */,
				2FA5D8679E66C5E8E2DA15AB /* ECKey.swift */,
				2FA5DB6A93C818473E5758F3 /* ECIESEncryptedMessage.swift */,
				2FA5D83153C7DAF54FFDAC69 /* ECIESEngine.swift */,
				2FA5D2551DD1A31FAE14B658 /* ECPoint.swift */,
			);
			path = Crypto;
			sourceTree = "<group>";
		};
		D0B13EE02225608500C7C2CA /* Helpers */ = {
			isa = PBXGroup;
			children = (
				D0B13EE12225609E00C7C2CA /* RandomHelper.swift */,
			);
			path = Helpers;
			sourceTree = "<group>";
		};
		D0CC3B7321F97535006C0FF9 /* Spv */ = {
			isa = PBXGroup;
			children = (
				D0D75FF22227F137005808FB /* Core */,
				D08D5BE721FB19B900E5424D /* Crypto */,
				D0B13EE02225608500C7C2CA /* Helpers */,
				D05FFB7D221D5F1A00A85000 /* Models */,
				D08D5BDE21F9810A00E5424D /* Net */,
			);
			path = Spv;
			sourceTree = "<group>";
		};
		D0D75FF22227F137005808FB /* Core */ = {
			isa = PBXGroup;
			children = (
				2FA5DE89EC708FF1389B1AD8 /* Factory.swift */,
				2FA5D54BE325711ECA0B71FD /* SpvBlockchain.swift */,
				D0D75FF32227F160005808FB /* SpvExtensions.swift */,
				2FA5D934DC75ADCB54EAC6AE /* SpvGrdbStorage.swift */,
				2FA5D5A69DC77DC29BA1D6E7 /* SpvProtocols.swift */,
			);
			path = Core;
			sourceTree = "<group>";
		};
		D0DE28D12211693800FA428C /* Messages */ = {
			isa = PBXGroup;
			children = (
				2FA5D6E9922D9BFE332F795F /* AnnounceMessage.swift */,
				2FA5DFD6642B66D378E6C92F /* BlockBodiesMessage.swift */,
				2FA5D5ABAD0B3E9783140405 /* BlockHeadersMessage.swift */,
				2FA5DA26D089CBF43D12F074 /* ContractCodesMessage.swift */,
				2FA5D4591B4CF6B06A977FA7 /* GetBlockBodiesMessage.swift */,
				2FA5DCDC57214CB4735AC6D7 /* GetBlockHeadersMessage.swift */,
				2FA5DB26884D3DD6B0348F7A /* GetContractCodesMessage.swift */,
				2FA5D6C74AC5D8A2458504FB /* GetHelperTrieProofsMessage.swift */,
				2FA5D4911004F5FDA3416211 /* GetProofsMessage.swift */,
				2FA5D9184B03056A0AA6A81C /* GetReceiptsMessage.swift */,
				2FA5D29D612226755149F63A /* GetTransactionStatusMessage.swift */,
				2FA5D9EB4FC06116CAF83E63 /* HelperTrieProofsMessage.swift */,
				2FA5D70F6465DF3197A7D16B /* ProofsMessage.swift */,
				2FA5DAE3530F7B1EB580DD6F /* ReceiptsMessage.swift */,
				2FA5DBCC12984369F14F3168 /* SendTransactionMessage.swift */,
				D0DE28CF2211691B00FA428C /* StatusMessage.swift */,
				2FA5DB7ECB5A111AABF95774 /* TransactionStatusMessage.swift */,
			);
			path = Messages;
			sourceTree = "<group>";
		};
		D0F03E7B22200D5100E217F5 /* Spv */ = {
			isa = PBXGroup;
			children = (
				D0F03E7C22200D5F00E217F5 /* Crypto */,
				D045FC1F221C19DB0009BEF6 /* Net */,
			);
			path = Spv;
			sourceTree = "<group>";
		};
		D0F03E7C22200D5F00E217F5 /* Crypto */ = {
			isa = PBXGroup;
			children = (
				D0F03E7D22200D6E00E217F5 /* ECIESEngineTests.swift */,
			);
			path = Crypto;
			sourceTree = "<group>";
		};
		EC5AF4D0EC104F8C7659A494 /* Pods */ = {
			isa = PBXGroup;
			children = (
				3F05A0499B3B9EDC904E9325 /* Pods-EthereumKit.debug.xcconfig */,
				FE8DB0116D8143559148EFB6 /* Pods-EthereumKit.release.xcconfig */,
				DFBFC6193427F99F18CE092A /* Pods-EthereumKitTests.debug.xcconfig */,
				190E8D23769852AD1E363E87 /* Pods-EthereumKitTests.release.xcconfig */,
			);
			name = Pods;
			path = ../Pods;
			sourceTree = "<group>";
		};
/* End PBXGroup section */

/* Begin PBXHeadersBuildPhase section */
		3A3B599F216B1B13001C5E99 /* Headers */ = {
			isa = PBXHeadersBuildPhase;
			buildActionMask = 2147483647;
			files = (
				3A3B59A9216B1B13001C5E99 /* EthereumKit.h in Headers */,
			);
			runOnlyForDeploymentPostprocessing = 0;
		};
/* End PBXHeadersBuildPhase section */

/* Begin PBXNativeTarget section */
		3A19DECB216F4422009109F2 /* EthereumKitTests */ = {
			isa = PBXNativeTarget;
			buildConfigurationList = 3A19DED6216F4422009109F2 /* Build configuration list for PBXNativeTarget "EthereumKitTests" */;
			buildPhases = (
				CA8751A4D3BD1ED1934F1CAF /* [CP] Check Pods Manifest.lock */,
				3A19DED7216F44C5009109F2 /* Cuckoo */,
				3A19DEC8216F4422009109F2 /* Sources */,
				3A19DEC9216F4422009109F2 /* Frameworks */,
				3A19DECA216F4422009109F2 /* Resources */,
				CB785487272523A5B3F5A9BF /* [CP] Embed Pods Frameworks */,
			);
			buildRules = (
			);
			dependencies = (
				3A19DED3216F4422009109F2 /* PBXTargetDependency */,
			);
			name = EthereumKitTests;
			productName = EthereumKitTests;
			productReference = 3A19DECC216F4422009109F2 /* EthereumKitTests.xctest */;
			productType = "com.apple.product-type.bundle.unit-test";
		};
		3A3B59A3216B1B13001C5E99 /* EthereumKit */ = {
			isa = PBXNativeTarget;
			buildConfigurationList = 3A3B59AC216B1B13001C5E99 /* Build configuration list for PBXNativeTarget "EthereumKit" */;
			buildPhases = (
				227249B61D472C5B046DFA24 /* [CP] Check Pods Manifest.lock */,
				3A3B599F216B1B13001C5E99 /* Headers */,
				3A3B59A0216B1B13001C5E99 /* Sources */,
				3A3B59A1216B1B13001C5E99 /* Frameworks */,
				3A3B59A2216B1B13001C5E99 /* Resources */,
			);
			buildRules = (
			);
			dependencies = (
			);
			name = EthereumKit;
			productName = EthereumKit;
			productReference = 3A3B59A4216B1B13001C5E99 /* EthereumKit.framework */;
			productType = "com.apple.product-type.framework";
		};
/* End PBXNativeTarget section */

/* Begin PBXProject section */
		3A3B599B216B1B13001C5E99 /* Project object */ = {
			isa = PBXProject;
			attributes = {
				LastSwiftUpdateCheck = 1000;
				LastUpgradeCheck = 1000;
				ORGANIZATIONNAME = "Horizontal Systems";
				TargetAttributes = {
					3A19DECB216F4422009109F2 = {
						CreatedOnToolsVersion = 10.0;
					};
					3A3B59A3216B1B13001C5E99 = {
						CreatedOnToolsVersion = 10.0;
						LastSwiftMigration = 1010;
					};
				};
			};
			buildConfigurationList = 3A3B599E216B1B13001C5E99 /* Build configuration list for PBXProject "EthereumKit" */;
			compatibilityVersion = "Xcode 9.3";
			developmentRegion = en;
			hasScannedForEncodings = 0;
			knownRegions = (
				en,
			);
			mainGroup = 3A3B599A216B1B13001C5E99;
			productRefGroup = 3A3B59A5216B1B13001C5E99 /* Products */;
			projectDirPath = "";
			projectRoot = "";
			targets = (
				3A3B59A3216B1B13001C5E99 /* EthereumKit */,
				3A19DECB216F4422009109F2 /* EthereumKitTests */,
			);
		};
/* End PBXProject section */

/* Begin PBXResourcesBuildPhase section */
		3A19DECA216F4422009109F2 /* Resources */ = {
			isa = PBXResourcesBuildPhase;
			buildActionMask = 2147483647;
			files = (
			);
			runOnlyForDeploymentPostprocessing = 0;
		};
		3A3B59A2216B1B13001C5E99 /* Resources */ = {
			isa = PBXResourcesBuildPhase;
			buildActionMask = 2147483647;
			files = (
			);
			runOnlyForDeploymentPostprocessing = 0;
		};
/* End PBXResourcesBuildPhase section */

/* Begin PBXShellScriptBuildPhase section */
		227249B61D472C5B046DFA24 /* [CP] Check Pods Manifest.lock */ = {
			isa = PBXShellScriptBuildPhase;
			buildActionMask = 2147483647;
			files = (
			);
			inputFileListPaths = (
			);
			inputPaths = (
				"${PODS_PODFILE_DIR_PATH}/Podfile.lock",
				"${PODS_ROOT}/Manifest.lock",
			);
			name = "[CP] Check Pods Manifest.lock";
			outputFileListPaths = (
			);
			outputPaths = (
				"$(DERIVED_FILE_DIR)/Pods-EthereumKit-checkManifestLockResult.txt",
			);
			runOnlyForDeploymentPostprocessing = 0;
			shellPath = /bin/sh;
			shellScript = "diff \"${PODS_PODFILE_DIR_PATH}/Podfile.lock\" \"${PODS_ROOT}/Manifest.lock\" > /dev/null\nif [ $? != 0 ] ; then\n    # print error to STDERR\n    echo \"error: The sandbox is not in sync with the Podfile.lock. Run 'pod install' or update your CocoaPods installation.\" >&2\n    exit 1\nfi\n# This output is used by Xcode 'outputs' to avoid re-running this script phase.\necho \"SUCCESS\" > \"${SCRIPT_OUTPUT_FILE_0}\"\n";
			showEnvVarsInLog = 0;
		};
		3A19DED7216F44C5009109F2 /* Cuckoo */ = {
			isa = PBXShellScriptBuildPhase;
			buildActionMask = 2147483647;
			files = (
			);
			inputPaths = (
				"$(SRCROOT)/EthereumKit/Helpers/AddressValidator.swift",
				"$(SRCROOT)/EthereumKit/Core/Protocols.swift",
				"$(SRCROOT)/EthereumKit/Core/EthereumKitState.swift",
				"$(SRCROOT)/EthereumKit/Spv/Core/SpvProtocols.swift",
				"$(SRCROOT)/EthereumKit/Spv/Net/LES/LESPeerRequestHolder.swift",
				"$(SRCROOT)/EthereumKit/Spv/Net/LES/Requests/AccountStateRequest.swift",
				"$(SRCROOT)/EthereumKit/Spv/Net/PeerGroupState.swift",
				"$(SRCROOT)/EthereumKit/Spv/Net/BlockValidator.swift",
			);
			name = Cuckoo;
			outputPaths = (
			);
			runOnlyForDeploymentPostprocessing = 0;
			shellPath = /bin/sh;
			shellScript = "# Define output file. Change \"$PROJECT_DIR/${PROJECT_NAME}Tests\" to your test's root source folder, if it's not the default name.\nOUTPUT_FILE=\"$PROJECT_DIR/${PROJECT_NAME}Tests/GeneratedMocks.swift\"\necho \"Generated Mocks File = $OUTPUT_FILE\"\n\n# Define input directory. Change \"${PROJECT_DIR}/${PROJECT_NAME}\" to your project's root source folder, if it's not the default name.\nINPUT_DIR=\"${PROJECT_DIR}/${PROJECT_NAME}\"\necho \"Mocks Input Directory = $INPUT_DIR\"\n\n# Generate mock files, include as many input files as you'd like to create mocks for.\n\"${PODS_ROOT}/Cuckoo/run\" generate --testable \"$PROJECT_NAME\" \\\n--output \"${OUTPUT_FILE}\"\n";
		};
		CA8751A4D3BD1ED1934F1CAF /* [CP] Check Pods Manifest.lock */ = {
			isa = PBXShellScriptBuildPhase;
			buildActionMask = 2147483647;
			files = (
			);
			inputFileListPaths = (
			);
			inputPaths = (
				"${PODS_PODFILE_DIR_PATH}/Podfile.lock",
				"${PODS_ROOT}/Manifest.lock",
			);
			name = "[CP] Check Pods Manifest.lock";
			outputFileListPaths = (
			);
			outputPaths = (
				"$(DERIVED_FILE_DIR)/Pods-EthereumKitTests-checkManifestLockResult.txt",
			);
			runOnlyForDeploymentPostprocessing = 0;
			shellPath = /bin/sh;
			shellScript = "diff \"${PODS_PODFILE_DIR_PATH}/Podfile.lock\" \"${PODS_ROOT}/Manifest.lock\" > /dev/null\nif [ $? != 0 ] ; then\n    # print error to STDERR\n    echo \"error: The sandbox is not in sync with the Podfile.lock. Run 'pod install' or update your CocoaPods installation.\" >&2\n    exit 1\nfi\n# This output is used by Xcode 'outputs' to avoid re-running this script phase.\necho \"SUCCESS\" > \"${SCRIPT_OUTPUT_FILE_0}\"\n";
			showEnvVarsInLog = 0;
		};
		CB785487272523A5B3F5A9BF /* [CP] Embed Pods Frameworks */ = {
			isa = PBXShellScriptBuildPhase;
			buildActionMask = 2147483647;
			files = (
			);
			inputFileListPaths = (
			);
			inputPaths = (
				"${PODS_ROOT}/Target Support Files/Pods-EthereumKitTests/Pods-EthereumKitTests-frameworks.sh",
				"${BUILT_PRODUCTS_DIR}/Cuckoo/Cuckoo.framework",
				"${BUILT_PRODUCTS_DIR}/Nimble/Nimble.framework",
				"${BUILT_PRODUCTS_DIR}/Quick/Quick.framework",
				"${BUILT_PRODUCTS_DIR}/Alamofire/Alamofire.framework",
				"${BUILT_PRODUCTS_DIR}/BigInt/BigInt.framework",
				"${BUILT_PRODUCTS_DIR}/GRDB.swift/GRDB.framework",
				"${BUILT_PRODUCTS_DIR}/HSCryptoKit/HSCryptoKit.framework",
				"${BUILT_PRODUCTS_DIR}/HSHDWalletKit/HSHDWalletKit.framework",
				"${BUILT_PRODUCTS_DIR}/RxSwift/RxSwift.framework",
			);
			name = "[CP] Embed Pods Frameworks";
			outputFileListPaths = (
			);
			outputPaths = (
				"${TARGET_BUILD_DIR}/${FRAMEWORKS_FOLDER_PATH}/Cuckoo.framework",
				"${TARGET_BUILD_DIR}/${FRAMEWORKS_FOLDER_PATH}/Nimble.framework",
				"${TARGET_BUILD_DIR}/${FRAMEWORKS_FOLDER_PATH}/Quick.framework",
				"${TARGET_BUILD_DIR}/${FRAMEWORKS_FOLDER_PATH}/Alamofire.framework",
				"${TARGET_BUILD_DIR}/${FRAMEWORKS_FOLDER_PATH}/BigInt.framework",
				"${TARGET_BUILD_DIR}/${FRAMEWORKS_FOLDER_PATH}/GRDB.framework",
				"${TARGET_BUILD_DIR}/${FRAMEWORKS_FOLDER_PATH}/HSCryptoKit.framework",
				"${TARGET_BUILD_DIR}/${FRAMEWORKS_FOLDER_PATH}/HSHDWalletKit.framework",
				"${TARGET_BUILD_DIR}/${FRAMEWORKS_FOLDER_PATH}/RxSwift.framework",
			);
			runOnlyForDeploymentPostprocessing = 0;
			shellPath = /bin/sh;
			shellScript = "\"${PODS_ROOT}/Target Support Files/Pods-EthereumKitTests/Pods-EthereumKitTests-frameworks.sh\"\n";
			showEnvVarsInLog = 0;
		};
/* End PBXShellScriptBuildPhase section */

/* Begin PBXSourcesBuildPhase section */
		3A19DEC8216F4422009109F2 /* Sources */ = {
			isa = PBXSourcesBuildPhase;
			buildActionMask = 2147483647;
			files = (
				58AAA7C99F4D8FD7DF51C749 /* AddressValidatorTests.swift in Sources */,
				D045FC22221C1A290009BEF6 /* EncryptionHandshakeTests.swift in Sources */,
				D0B13EDD2225589600C7C2CA /* FrameCodecHelperTests.swift in Sources */,
				3C7B97D4EA0867E5FC827D07 /* EIP55Tests.swift in Sources */,
				D0F03E7E22200D6E00E217F5 /* ECIESEngineTests.swift in Sources */,
				11B35FCE3632C73F4272964F /* EthereumKitTests.swift in Sources */,
				11B356BF054DFC99D8EB19E5 /* GeneratedMocks.swift in Sources */,
				2FA5DD6E7E7E0E34F522ECF0 /* Extensions.swift in Sources */,
				2FA5D1789341FEC8ECAEDF28 /* FrameHandlerTests.swift in Sources */,
				2FA5DB895FCE9F2D5F647471 /* FrameCodecTests.swift in Sources */,
				11B35EB873DF5DDFC6B5207C /* DevP2PPeerTests.swift in Sources */,
				11B35EAEAEC58D077071352A /* LESPeerTests.swift in Sources */,
				11B3563CCAB1B50D85984C7E /* CapabilityHelperTests.swift in Sources */,
				11B35D680CDB83B30D29187F /* PeerGroupTests.swift in Sources */,
				11B359FF9CFC6CEFEECFBEAC /* BlockValidatorTests.swift in Sources */,
			);
			runOnlyForDeploymentPostprocessing = 0;
		};
		3A3B59A0216B1B13001C5E99 /* Sources */ = {
			isa = PBXSourcesBuildPhase;
			buildActionMask = 2147483647;
			files = (
				D0B13EDB2225350B00C7C2CA /* FrameCodecHelper.swift in Sources */,
				3A38F9E7216B78EE00A764EB /* EIP55.swift in Sources */,
				D0DE28CC221168EC00FA428C /* HelloMessage.swift in Sources */,
				D0DE28D02211691B00FA428C /* StatusMessage.swift in Sources */,
				D0DE28D7221169A600FA428C /* Frame.swift in Sources */,
				3A38F9E0216B78EE00A764EB /* RLP.swift in Sources */,
				3A38F9EF216B78EE00A764EB /* RawTransaction.swift in Sources */,
				D0DE28D52211695C00FA428C /* AuthAckMessage.swift in Sources */,
				D0DE28D32211694E00FA428C /* AuthMessage.swift in Sources */,
				58AAA609C234AA48E23F4AE9 /* ReachabilityManager.swift in Sources */,
				D0B13EE22225609E00C7C2CA /* RandomHelper.swift in Sources */,
				58AAAF70BEF433B84C1AC0CD /* Protocols.swift in Sources */,
				D0DE28D9221169C300FA428C /* FrameCodec.swift in Sources */,
				58AAA52235D840702E55CAF4 /* Extensions.swift in Sources */,
				2FA5D3DD1064899B9A147B46 /* Connection.swift in Sources */,
				D07C3ED3221ACBDA0081DCD2 /* Capability.swift in Sources */,
				2FA5D1A791D3CCD4D6112AD4 /* EncryptionHandshake.swift in Sources */,
				D0B13ED9222504A700C7C2CA /* AESCipher.swift in Sources */,
				D0D75FF42227F160005808FB /* SpvExtensions.swift in Sources */,
				2FA5D20E88F8586DE6525EE8 /* ECPoint.swift in Sources */,
				2FA5D7BDF45541E1DCC4CD6B /* ECKey.swift in Sources */,
				2FA5D5B35CEDF93EFF129A99 /* ECIESEngine.swift in Sources */,
				2FA5D3F4D073AC875668BC60 /* RLPElement.swift in Sources */,
				2FA5D51682C4E5B3142ED129 /* Secrets.swift in Sources */,
				2FA5D305198C4D1299F3E243 /* PingMessage.swift in Sources */,
				2FA5DCABC6722CA8A660F3BD /* PongMessage.swift in Sources */,
				2FA5DD415FFB6952F05F2365 /* DisconnectMessage.swift in Sources */,
				2FA5DF1EAFCF03530FC5EDD9 /* LESPeer.swift in Sources */,
				58AAABF92F0BD40996C36D0F /* Signal.swift in Sources */,
				11B35CEF617BCF783C3D1DCA /* Transaction.swift in Sources */,
				11B35A4116607D8C5B444E37 /* EthereumKitState.swift in Sources */,
				2FA5DE6B71DC226A27394D81 /* Ropsten.swift in Sources */,
				2FA5D7C28C56B02217DEF448 /* PeerGroup.swift in Sources */,
				2FA5DCA80A4F5AE77263EF06 /* BlockHeader.swift in Sources */,
				2FA5D4D8A080C3424228FC74 /* Node.swift in Sources */,
				2FA5D47E414D98392426E29C /* DevP2PPeer.swift in Sources */,
				2FA5D10365467428AE6D1990 /* GetBlockHeadersMessage.swift in Sources */,
				2FA5DB10DC5D47E5D962923E /* BlockHeadersMessage.swift in Sources */,
				2FA5D9ACC1BA868F86A7FF06 /* GetBlockBodiesMessage.swift in Sources */,
				2FA5D2A5DA6908DAFD8D2EEC /* BlockBodiesMessage.swift in Sources */,
				2FA5DD46A3A481CF9B46FA10 /* GetReceiptsMessage.swift in Sources */,
				2FA5DB82D60FEB171078AD2B /* ReceiptsMessage.swift in Sources */,
				2FA5DB53D8BEF7817AF48226 /* GetProofsMessage.swift in Sources */,
				2FA5DB9E65D95E9783E8555A /* ProofsMessage.swift in Sources */,
				2FA5D1F9A797ACF4A6CA6983 /* GetContractCodesMessage.swift in Sources */,
				2FA5DDB6DA87270E580B1841 /* ContractCodesMessage.swift in Sources */,
				2FA5D82C984D9AB4F2BA3DF5 /* GetHelperTrieProofsMessage.swift in Sources */,
				2FA5D63EFB63A7A6FB6C9641 /* HelperTrieProofsMessage.swift in Sources */,
				2FA5D896847DBF38F8F5D466 /* SendTransactionMessage.swift in Sources */,
				2FA5DF9A26B57CA31D5E7333 /* GetTransactionStatusMessage.swift in Sources */,
				2FA5DB8E7A85D2FFF7EDF697 /* TransactionStatusMessage.swift in Sources */,
				2FA5DC2C7AD65186A16111DD /* AnnounceMessage.swift in Sources */,
				2FA5D4A4E2261235099C40A1 /* AccountState.swift in Sources */,
				2FA5D48236919F8E5CD555EB /* TrieNode.swift in Sources */,
				2FA5D0AB7FDC96F55B71D878 /* SpvBlockchain.swift in Sources */,
				2FA5DEC3120ADD70599E4D30 /* CryptoUtils.swift in Sources */,
				2FA5D0C989B966163BEDA335 /* Factory.swift in Sources */,
				2FA5DCECC11487472ABF4E74 /* ECIESEncryptedMessage.swift in Sources */,
				2FA5DEE6CABB42698BCBE9A3 /* SpvGrdbStorage.swift in Sources */,
				2FA5DF6C2109ECA26A3E224E /* SpvProtocols.swift in Sources */,
				2FA5D7D60D389329C7C9354B /* MessageDecodeError.swift in Sources */,
				11B356030FB7878C2BD0C5A8 /* Logger.swift in Sources */,
				11B35169E195D2801E57AD81 /* FrameConnection.swift in Sources */,
				11B3515D132B5DCC500CF100 /* DevP2PConnection.swift in Sources */,
				11B35A0D90F7DDB2DE3D2FEC /* BlockHeaderRequest.swift in Sources */,
				11B3505A666E165C2588FE0B /* AccountStateRequest.swift in Sources */,
				11B353DA20E3DD02F8C8D4D4 /* LESPeerRequestHolder.swift in Sources */,
				11B35C62ACE0870699401F3F /* CapabilityHelper.swift in Sources */,
				11B3592A8ADE33386B8D5783 /* MaxCost.swift in Sources */,
				11B354A47ED18CDC0599ED49 /* PeerProvider.swift in Sources */,
				11B35405B7E0C4928E078F76 /* PeerGroupState.swift in Sources */,
				11B35AA6B3D4826B649A4985 /* BlockValidator.swift in Sources */,
				11B35B0D2D815D5A08BE4C54 /* BlockHelper.swift in Sources */,
				11B353C417475E1596BABE60 /* EthereumBalance.swift in Sources */,
				11B35572FEFC292AC6678A7F /* BlockchainState.swift in Sources */,
				11B355933CBBA8A82C7005A2 /* AddressValidator.swift in Sources */,
				11B352E362DBABA085F7DC8B /* TransactionSigner.swift in Sources */,
				11B358FE9E238EF0DA368319 /* TransactionBuilder.swift in Sources */,
				11B356C00C09E99530F2831E /* Signature.swift in Sources */,
				11B3506080199717F92EC5CB /* NetworkManager.swift in Sources */,
				11B357CC1C30E29E9276522F /* Kovan.swift in Sources */,
				11B35B8E0F413DDC120EB1A9 /* BaseGrdbStorage.swift in Sources */,
				11B35251F4EFCD904ABECE2D /* TransactionInfo.swift in Sources */,
				2FA5DED333D7F0D2187385F3 /* ApiBlockchain.swift in Sources */,
				2FA5D907FE4B2F51D26F4991 /* InfuraApiProvider.swift in Sources */,
				2FA5D9604BFA2B2F21764D50 /* ApiProtocols.swift in Sources */,
				2FA5D5A758CA299DF31D658C /* ApiGrdbStorage.swift in Sources */,
				2FA5DB25840B287D4DE5CEDE /* EthereumKit.swift in Sources */,
				2FA5D28E7F979BB283BE331D /* EthereumLog.swift in Sources */,
				2FA5D6648F420D546262B400 /* Block.swift in Sources */,
				2FA5D1952F414C9588E326B3 /* EtherscanApiProvider.swift in Sources */,
				2FA5D06D94EED4E441401521 /* GetLogsRequest.swift in Sources */,
				2FA5DC0FAF7E6F42971C9A3C /* GetLogsResponse.swift in Sources */,
				2FA5D916D6B4917E4C19B3E1 /* GetStorageAtRequest.swift in Sources */,
				2FA5D21EE88B9D877156DAA8 /* GetStorageAtResponse.swift in Sources */,
				11B35776F4FF3AFEBC314BA5 /* MainNet.swift in Sources */,
			);
			runOnlyForDeploymentPostprocessing = 0;
		};
/* End PBXSourcesBuildPhase section */

/* Begin PBXTargetDependency section */
		3A19DED3216F4422009109F2 /* PBXTargetDependency */ = {
			isa = PBXTargetDependency;
			target = 3A3B59A3216B1B13001C5E99 /* EthereumKit */;
			targetProxy = 3A19DED2216F4422009109F2 /* PBXContainerItemProxy */;
		};
/* End PBXTargetDependency section */

/* Begin XCBuildConfiguration section */
		3A19DED4216F4422009109F2 /* Debug */ = {
			isa = XCBuildConfiguration;
			baseConfigurationReference = DFBFC6193427F99F18CE092A /* Pods-EthereumKitTests.debug.xcconfig */;
			buildSettings = {
				CODE_SIGN_STYLE = Automatic;
				DEVELOPMENT_TEAM = HC4MCAXJ66;
				INFOPLIST_FILE = EthereumKitTests/Info.plist;
				IPHONEOS_DEPLOYMENT_TARGET = 11.4;
				LD_RUNPATH_SEARCH_PATHS = (
					"$(inherited)",
					"@executable_path/Frameworks",
					"@loader_path/Frameworks",
				);
				PRODUCT_BUNDLE_IDENTIFIER = io.horizontalsystems.EthereumKitTests;
				PRODUCT_NAME = "$(TARGET_NAME)";
				SWIFT_VERSION = 4.2;
				TARGETED_DEVICE_FAMILY = "1,2";
			};
			name = Debug;
		};
		3A19DED5216F4422009109F2 /* Release */ = {
			isa = XCBuildConfiguration;
			baseConfigurationReference = 190E8D23769852AD1E363E87 /* Pods-EthereumKitTests.release.xcconfig */;
			buildSettings = {
				CODE_SIGN_STYLE = Automatic;
				DEVELOPMENT_TEAM = HC4MCAXJ66;
				INFOPLIST_FILE = EthereumKitTests/Info.plist;
				IPHONEOS_DEPLOYMENT_TARGET = 11.4;
				LD_RUNPATH_SEARCH_PATHS = (
					"$(inherited)",
					"@executable_path/Frameworks",
					"@loader_path/Frameworks",
				);
				PRODUCT_BUNDLE_IDENTIFIER = io.horizontalsystems.EthereumKitTests;
				PRODUCT_NAME = "$(TARGET_NAME)";
				SWIFT_VERSION = 4.2;
				TARGETED_DEVICE_FAMILY = "1,2";
			};
			name = Release;
		};
		3A3B59AA216B1B13001C5E99 /* Debug */ = {
			isa = XCBuildConfiguration;
			buildSettings = {
				ALWAYS_SEARCH_USER_PATHS = NO;
				APPLICATION_EXTENSION_API_ONLY = YES;
				CLANG_ANALYZER_NONNULL = YES;
				CLANG_ANALYZER_NUMBER_OBJECT_CONVERSION = YES_AGGRESSIVE;
				CLANG_CXX_LANGUAGE_STANDARD = "gnu++14";
				CLANG_CXX_LIBRARY = "libc++";
				CLANG_ENABLE_MODULES = YES;
				CLANG_ENABLE_OBJC_ARC = YES;
				CLANG_ENABLE_OBJC_WEAK = YES;
				CLANG_WARN_BLOCK_CAPTURE_AUTORELEASING = YES;
				CLANG_WARN_BOOL_CONVERSION = YES;
				CLANG_WARN_COMMA = YES;
				CLANG_WARN_CONSTANT_CONVERSION = YES;
				CLANG_WARN_DEPRECATED_OBJC_IMPLEMENTATIONS = YES;
				CLANG_WARN_DIRECT_OBJC_ISA_USAGE = YES_ERROR;
				CLANG_WARN_DOCUMENTATION_COMMENTS = YES;
				CLANG_WARN_EMPTY_BODY = YES;
				CLANG_WARN_ENUM_CONVERSION = YES;
				CLANG_WARN_INFINITE_RECURSION = YES;
				CLANG_WARN_INT_CONVERSION = YES;
				CLANG_WARN_NON_LITERAL_NULL_CONVERSION = YES;
				CLANG_WARN_OBJC_IMPLICIT_RETAIN_SELF = YES;
				CLANG_WARN_OBJC_LITERAL_CONVERSION = YES;
				CLANG_WARN_OBJC_ROOT_CLASS = YES_ERROR;
				CLANG_WARN_RANGE_LOOP_ANALYSIS = YES;
				CLANG_WARN_STRICT_PROTOTYPES = YES;
				CLANG_WARN_SUSPICIOUS_MOVE = YES;
				CLANG_WARN_UNGUARDED_AVAILABILITY = YES_AGGRESSIVE;
				CLANG_WARN_UNREACHABLE_CODE = YES;
				CLANG_WARN__DUPLICATE_METHOD_MATCH = YES;
				CODE_SIGN_IDENTITY = "iPhone Developer";
				COPY_PHASE_STRIP = NO;
				CURRENT_PROJECT_VERSION = 1;
				DEBUG_INFORMATION_FORMAT = dwarf;
				ENABLE_STRICT_OBJC_MSGSEND = YES;
				ENABLE_TESTABILITY = YES;
				GCC_C_LANGUAGE_STANDARD = gnu11;
				GCC_DYNAMIC_NO_PIC = NO;
				GCC_NO_COMMON_BLOCKS = YES;
				GCC_OPTIMIZATION_LEVEL = 0;
				GCC_PREPROCESSOR_DEFINITIONS = (
					"DEBUG=1",
					"$(inherited)",
				);
				GCC_WARN_64_TO_32_BIT_CONVERSION = YES;
				GCC_WARN_ABOUT_RETURN_TYPE = YES_ERROR;
				GCC_WARN_UNDECLARED_SELECTOR = YES;
				GCC_WARN_UNINITIALIZED_AUTOS = YES_AGGRESSIVE;
				GCC_WARN_UNUSED_FUNCTION = YES;
				GCC_WARN_UNUSED_VARIABLE = YES;
				IPHONEOS_DEPLOYMENT_TARGET = 11.0;
				MTL_ENABLE_DEBUG_INFO = INCLUDE_SOURCE;
				MTL_FAST_MATH = YES;
				ONLY_ACTIVE_ARCH = YES;
				SDKROOT = iphoneos;
				SWIFT_ACTIVE_COMPILATION_CONDITIONS = DEBUG;
				SWIFT_OPTIMIZATION_LEVEL = "-Onone";
				VERSIONING_SYSTEM = "apple-generic";
				VERSION_INFO_PREFIX = "";
			};
			name = Debug;
		};
		3A3B59AB216B1B13001C5E99 /* Release */ = {
			isa = XCBuildConfiguration;
			buildSettings = {
				ALWAYS_SEARCH_USER_PATHS = NO;
				APPLICATION_EXTENSION_API_ONLY = YES;
				CLANG_ANALYZER_NONNULL = YES;
				CLANG_ANALYZER_NUMBER_OBJECT_CONVERSION = YES_AGGRESSIVE;
				CLANG_CXX_LANGUAGE_STANDARD = "gnu++14";
				CLANG_CXX_LIBRARY = "libc++";
				CLANG_ENABLE_MODULES = YES;
				CLANG_ENABLE_OBJC_ARC = YES;
				CLANG_ENABLE_OBJC_WEAK = YES;
				CLANG_WARN_BLOCK_CAPTURE_AUTORELEASING = YES;
				CLANG_WARN_BOOL_CONVERSION = YES;
				CLANG_WARN_COMMA = YES;
				CLANG_WARN_CONSTANT_CONVERSION = YES;
				CLANG_WARN_DEPRECATED_OBJC_IMPLEMENTATIONS = YES;
				CLANG_WARN_DIRECT_OBJC_ISA_USAGE = YES_ERROR;
				CLANG_WARN_DOCUMENTATION_COMMENTS = YES;
				CLANG_WARN_EMPTY_BODY = YES;
				CLANG_WARN_ENUM_CONVERSION = YES;
				CLANG_WARN_INFINITE_RECURSION = YES;
				CLANG_WARN_INT_CONVERSION = YES;
				CLANG_WARN_NON_LITERAL_NULL_CONVERSION = YES;
				CLANG_WARN_OBJC_IMPLICIT_RETAIN_SELF = YES;
				CLANG_WARN_OBJC_LITERAL_CONVERSION = YES;
				CLANG_WARN_OBJC_ROOT_CLASS = YES_ERROR;
				CLANG_WARN_RANGE_LOOP_ANALYSIS = YES;
				CLANG_WARN_STRICT_PROTOTYPES = YES;
				CLANG_WARN_SUSPICIOUS_MOVE = YES;
				CLANG_WARN_UNGUARDED_AVAILABILITY = YES_AGGRESSIVE;
				CLANG_WARN_UNREACHABLE_CODE = YES;
				CLANG_WARN__DUPLICATE_METHOD_MATCH = YES;
				CODE_SIGN_IDENTITY = "iPhone Developer";
				COPY_PHASE_STRIP = NO;
				CURRENT_PROJECT_VERSION = 1;
				DEBUG_INFORMATION_FORMAT = "dwarf-with-dsym";
				ENABLE_NS_ASSERTIONS = NO;
				ENABLE_STRICT_OBJC_MSGSEND = YES;
				GCC_C_LANGUAGE_STANDARD = gnu11;
				GCC_NO_COMMON_BLOCKS = YES;
				GCC_WARN_64_TO_32_BIT_CONVERSION = YES;
				GCC_WARN_ABOUT_RETURN_TYPE = YES_ERROR;
				GCC_WARN_UNDECLARED_SELECTOR = YES;
				GCC_WARN_UNINITIALIZED_AUTOS = YES_AGGRESSIVE;
				GCC_WARN_UNUSED_FUNCTION = YES;
				GCC_WARN_UNUSED_VARIABLE = YES;
				IPHONEOS_DEPLOYMENT_TARGET = 11.0;
				MTL_ENABLE_DEBUG_INFO = NO;
				MTL_FAST_MATH = YES;
				SDKROOT = iphoneos;
				SWIFT_COMPILATION_MODE = wholemodule;
				SWIFT_OPTIMIZATION_LEVEL = "-O";
				VALIDATE_PRODUCT = YES;
				VERSIONING_SYSTEM = "apple-generic";
				VERSION_INFO_PREFIX = "";
			};
			name = Release;
		};
		3A3B59AD216B1B13001C5E99 /* Debug */ = {
			isa = XCBuildConfiguration;
			baseConfigurationReference = 3F05A0499B3B9EDC904E9325 /* Pods-EthereumKit.debug.xcconfig */;
			buildSettings = {
				CLANG_ENABLE_MODULES = YES;
				CODE_SIGN_IDENTITY = "";
				CODE_SIGN_STYLE = Automatic;
				DEFINES_MODULE = YES;
				DEVELOPMENT_TEAM = HC4MCAXJ66;
				DYLIB_COMPATIBILITY_VERSION = 1;
				DYLIB_CURRENT_VERSION = 1;
				DYLIB_INSTALL_NAME_BASE = "@rpath";
				INFOPLIST_FILE = EthereumKit/Info.plist;
				INSTALL_PATH = "$(LOCAL_LIBRARY_DIR)/Frameworks";
				IPHONEOS_DEPLOYMENT_TARGET = 11.0;
				LD_RUNPATH_SEARCH_PATHS = (
					"$(inherited)",
					"@executable_path/Frameworks",
					"@loader_path/Frameworks",
				);
				PRODUCT_BUNDLE_IDENTIFIER = io.horizontalsystems.EthereumKit;
				PRODUCT_NAME = "$(TARGET_NAME:c99extidentifier)";
				SKIP_INSTALL = YES;
				SWIFT_OPTIMIZATION_LEVEL = "-Onone";
				SWIFT_VERSION = 4.2;
				TARGETED_DEVICE_FAMILY = "1,2";
			};
			name = Debug;
		};
		3A3B59AE216B1B13001C5E99 /* Release */ = {
			isa = XCBuildConfiguration;
			baseConfigurationReference = FE8DB0116D8143559148EFB6 /* Pods-EthereumKit.release.xcconfig */;
			buildSettings = {
				CLANG_ENABLE_MODULES = YES;
				CODE_SIGN_IDENTITY = "";
				CODE_SIGN_STYLE = Automatic;
				DEFINES_MODULE = YES;
				DEVELOPMENT_TEAM = HC4MCAXJ66;
				DYLIB_COMPATIBILITY_VERSION = 1;
				DYLIB_CURRENT_VERSION = 1;
				DYLIB_INSTALL_NAME_BASE = "@rpath";
				INFOPLIST_FILE = EthereumKit/Info.plist;
				INSTALL_PATH = "$(LOCAL_LIBRARY_DIR)/Frameworks";
				IPHONEOS_DEPLOYMENT_TARGET = 11.0;
				LD_RUNPATH_SEARCH_PATHS = (
					"$(inherited)",
					"@executable_path/Frameworks",
					"@loader_path/Frameworks",
				);
				PRODUCT_BUNDLE_IDENTIFIER = io.horizontalsystems.EthereumKit;
				PRODUCT_NAME = "$(TARGET_NAME:c99extidentifier)";
				SKIP_INSTALL = YES;
				SWIFT_VERSION = 4.2;
				TARGETED_DEVICE_FAMILY = "1,2";
			};
			name = Release;
		};
/* End XCBuildConfiguration section */

/* Begin XCConfigurationList section */
		3A19DED6216F4422009109F2 /* Build configuration list for PBXNativeTarget "EthereumKitTests" */ = {
			isa = XCConfigurationList;
			buildConfigurations = (
				3A19DED4216F4422009109F2 /* Debug */,
				3A19DED5216F4422009109F2 /* Release */,
			);
			defaultConfigurationIsVisible = 0;
			defaultConfigurationName = Release;
		};
		3A3B599E216B1B13001C5E99 /* Build configuration list for PBXProject "EthereumKit" */ = {
			isa = XCConfigurationList;
			buildConfigurations = (
				3A3B59AA216B1B13001C5E99 /* Debug */,
				3A3B59AB216B1B13001C5E99 /* Release */,
			);
			defaultConfigurationIsVisible = 0;
			defaultConfigurationName = Release;
		};
		3A3B59AC216B1B13001C5E99 /* Build configuration list for PBXNativeTarget "EthereumKit" */ = {
			isa = XCConfigurationList;
			buildConfigurations = (
				3A3B59AD216B1B13001C5E99 /* Debug */,
				3A3B59AE216B1B13001C5E99 /* Release */,
			);
			defaultConfigurationIsVisible = 0;
			defaultConfigurationName = Release;
		};
/* End XCConfigurationList section */
	};
	rootObject = 3A3B599B216B1B13001C5E99 /* Project object */;
}
